atomicgo.dev/cursor v0.1.1 h1:0t9sxQomCTRh5ug+hAMCs59x/UmC9QL6Ci5uosINKD4=
atomicgo.dev/cursor v0.1.1/go.mod h1:Lr4ZJB3U7DfPPOkbH7/6TOtJ4vFGHlgj1nc+n900IpU=
atomicgo.dev/keyboard v0.2.8 h1:Di09BitwZgdTV1hPyX/b9Cqxi8HVuJQwWivnZUEqlj4=
atomicgo.dev/keyboard v0.2.8/go.mod h1:BC4w9g00XkxH/f1HXhW2sXmJFOCWbKn9xrOunSFtExQ=
github.com/BurntSushi/toml v0.3.1/go.mod h1:xHWCNGjB5oqiDr8zfno3MHue2Ht5sIBksp03qcyfWMU=
github.com/BurntSushi/toml v1.2.1/go.mod h1:CxXYINrC8qIiEnFrOxCa7Jy5BFHlXnUU2pbicEuybxQ=
github.com/MarvinJWendt/testza v0.1.0/go.mod h1:7AxNvlfeHP7Z/hDQ5JtE3OKYT3XFUeLCDE2DQninSqs=
github.com/MarvinJWendt/testza v0.2.1/go.mod h1:God7bhG8n6uQxwdScay+gjm9/LnO4D3kkcZX4hv9Rp8=
github.com/MarvinJWendt/testza v0.2.8/go.mod h1:nwIcjmr0Zz+Rcwfh3/4UhBp7ePKVhuBExvZqnKYWlII=
github.com/MarvinJWendt/testza v0.2.10/go.mod h1:pd+VWsoGUiFtq+hRKSU1Bktnn+DMCSrDrXDpX2bG66k=
github.com/MarvinJWendt/testza v0.2.12/go.mod h1:JOIegYyV7rX+7VZ9r77L/eH6CfJHHzXjB69adAhzZkI=
github.com/MarvinJWendt/testza v0.3.0/go.mod h1:eFcL4I0idjtIx8P9C6KkAuLgATNKpX4/2oUqKc6bF2c=
github.com/MarvinJWendt/testza v0.4.2 h1:Vbw9GkSB5erJI2BPnBL9SVGV9myE+XmUSFahBGUhW2Q=
github.com/MarvinJWendt/testza v0.4.2/go.mod h1:mSdhXiKH8sg/gQehJ63bINcCKp7RtYewEjXsvsVUPbE=
github.com/atomicgo/cursor v0.0.1/go.mod h1:cBON2QmmrysudxNBFthvMtN32r3jxVRIvzkUiF/RuIk=
github.com/aws/aws-sdk-go-v2 v1.32.7 h1:ky5o35oENWi0JYWUZkB7WYvVPP+bcRF5/Iq7JWSb5Rw=
github.com/aws/aws-sdk-go-v2 v1.32.7/go.mod h1:P5WJBrYqqbWVaOxgH0X/FYYD47/nooaPOZPlQdmiN2U=
github.com/aws/aws-sdk-go-v2/aws/protocol/eventstream v1.6.7 h1:lL7IfaFzngfx0ZwUGOZdsFFnQ5uLvR0hWqqhyE7Q9M8=
github.com/aws/aws-sdk-go-v2/aws/protocol/eventstream v1.6.7/go.mod h1:QraP0UcVlQJsmHfioCrveWOC1nbiWUl3ej08h4mXWoc=
github.com/aws/aws-sdk-go-v2/config v1.28.7 h1:GduUnoTXlhkgnxTD93g1nv4tVPILbdNQOzav+Wpg7AE=
github.com/aws/aws-sdk-go-v2/config v1.28.7/go.mod h1:vZGX6GVkIE8uECSUHB6MWAUsd4ZcG2Yq/dMa4refR3M=
github.com/aws/aws-sdk-go-v2/credentials v1.17.48 h1:IYdLD1qTJ0zanRavulofmqut4afs45mOWEI+MzZtTfQ=
github.com/aws/aws-sdk-go-v2/credentials v1.17.48/go.mod h1:tOscxHN3CGmuX9idQ3+qbkzrjVIx32lqDSU1/0d/qXs=
github.com/aws/aws-sdk-go-v2/feature/ec2/imds v1.16.22 h1:kqOrpojG71DxJm/KDPO+Z/y1phm1JlC8/iT+5XRmAn8=
github.com/aws/aws-sdk-go-v2/feature/ec2/imds v1.16.22/go.mod h1:NtSFajXVVL8TA2QNngagVZmUtXciyrHOt7xgz4faS/M=
github.com/aws/aws-sdk-go-v2/internal/configsources v1.3.26 h1:I/5wmGMffY4happ8NOCuIUEWGUvvFp5NSeQcXl9RHcI=
github.com/aws/aws-sdk-go-v2/internal/configsources v1.3.26/go.mod h1:FR8f4turZtNy6baO0KJ5FJUmXH/cSkI9fOngs0yl6mA=
github.com/aws/aws-sdk-go-v2/internal/endpoints/v2 v2.6.26 h1:zXFLuEuMMUOvEARXFUVJdfqZ4bvvSgdGRq/ATcrQxzM=
github.com/aws/aws-sdk-go-v2/internal/endpoints/v2 v2.6.26/go.mod h1:3o2Wpy0bogG1kyOPrgkXA8pgIfEEv0+m19O9D5+W8y8=
github.com/aws/aws-sdk-go-v2/internal/ini v1.8.1 h1:VaRN3TlFdd6KxX1x3ILT5ynH6HvKgqdiXoTxAF4HQcQ=
github.com/aws/aws-sdk-go-v2/internal/ini v1.8.1/go.mod h1:FbtygfRFze9usAadmnGJNc8KsP346kEe+y2/oyhGAGc=
github.com/aws/aws-sdk-go-v2/internal/v4a v1.3.26 h1:GeNJsIFHB+WW5ap2Tec4K6dzcVTsRbsT1Lra46Hv9ME=
github.com/aws/aws-sdk-go-v2/internal/v4a v1.3.26/go.mod h1:zfgMpwHDXX2WGoG84xG2H+ZlPTkJUU4YUvx2svLQYWo=
github.com/aws/aws-sdk-go-v2/service/accessanalyzer v1.36.3 h1:RuhIxtkvJh9ArPACA8nuQqmXCOVA+se690QKgHzLUuM=
github.com/aws/aws-sdk-go-v2/service/accessanalyzer v1.36.3/go.mod h1:H7KyxzxenQN4btMpYIMErtXJF/Wdxt9nuDf0dfDNMkg=
github.com/aws/aws-sdk-go-v2/service/acm v1.30.8 h1:qFihKfh9XSCATtjNDuF3a0BQAQTRNXQsR2bH+jRLuqs=
github.com/aws/aws-sdk-go-v2/service/acm v1.30.8/go.mod h1:oncclZWZWxKSIuG8bBS4Ry/VobgJyplv1KDfCEpww40=
github.com/aws/aws-sdk-go-v2/service/acmpca v1.37.9 h1:2XsPqThCu/+PaG1Lq09vCmC7cTx0mB/+u7e3T7ccb3E=
github.com/aws/aws-sdk-go-v2/service/acmpca v1.37.9/go.mod h1:fLrdaNdi4lN8ePYS3kpFcq2XTdYeQSPR8hbDfYvrdyc=
github.com/aws/aws-sdk-go-v2/service/amp v1.30.5 h1:48aYtRq69X/u0RvaE16oT8Kc98H15ZIcAx02qNcjw+w=
github.com/aws/aws-sdk-go-v2/service/amp v1.30.5/go.mod h1:69KPh+vGRGqDSylU36r8FYjlkHbhwbFMKzTXi8dCCYU=
github.com/aws/aws-sdk-go-v2/service/apigateway v1.28.2 h1:V1eDOuhYYZ0JvH66GEzEBTCQ88YoKwcKUcplNPWw1H8=
github.com/aws/aws-sdk-go-v2/service/apigateway v1.28.2/go.mod h1:Jvet+MRHVA+6G+ffFK7UGd15+1ye2BwUiG06arzkDu4=
github.com/aws/aws-sdk-go-v2/service/apigatewayv2 v1.24.8 h1:bHvq2f291RGZA5vE427bBDaNJqiQcosPjfvM/KM3KVw=
github.com/aws/aws-sdk-go-v2/service/apigatewayv2 v1.24.8/go.mod h1:iSSjR27ZzU5PnMbFa/c40rW/L02x5apER7wVjCUMcMU=
github.com/aws/aws-sdk-go-v2/service/apprunner v1.32.8 h1:wpgsIfA/h1kayyZJPiAYgZmgVQ/tsMNq+Pl1/qK1wKQ=
github.com/aws/aws-sdk-go-v2/service/apprunner v1.32.8/go.mod h1:jLgw1naLtply2fX7QbqSkbbk4Ws9ASP4QsStZDWGfVA=
github.com/aws/aws-sdk-go-v2/service/autoscaling v1.51.2 h1:MSSstL6YXAw2K68L1kph02WTQHKeb/lwmbsMhswpjuY=
github.com/aws/aws-sdk-go-v2/service/autoscaling v1.51.2/go.mod h1:t5bdAowh8MWq51TuDmltU+wtxMl/VaegNwSBaznkUYc=
github.com/aws/aws-sdk-go-v2/service/backup v1.40.1 h1:GAAsSB7nI11QOW4UoxywTbm+vveQoa4OjmTbveC9klw=
github.com/aws/aws-sdk-go-v2/service/backup v1.40.1/go.mod h1:XjQvu2ZePG6iCp186VJMgnARCL6NdWg4zfyFEqH6AHQ=
github.com/aws/aws-sdk-go-v2/service/cloudtrail v1.46.4 h1:ZE5iFAPF6FnBHTkkiuC60+U1wqTyj0fJ0F2ZRu/4bhg=
github.com/aws/aws-sdk-go-v2/service/cloudtrail v1.46.4/go.mod h1:2lQF0aEQAXkUf/Td7RqGIuylJlJO6wSv/onvNdShVyA=
github.com/aws/aws-sdk-go-v2/service/cloudwatch v1.43.4 h1:nv6UzNfGzyq/nNXwk2mH8PCmcC+5oAt+L7OETT2U0CE=
github.com/aws/aws-sdk-go-v2/service/cloudwatch v1.43.4/go.mod h1:aBk4XbmWf8p4N15l6DPVgb2t/n5gpk+mZMbigYV3a1Y=
github.com/aws/aws-sdk-go-v2/service/cloudwatchlogs v1.45.1 h1:f6jhr4U8osQQrJrzKsWcbTZwK4xA0wUF52sN0zvLKUY=
github.com/aws/aws-sdk-go-v2/service/cloudwatchlogs v1.45.1/go.mod h1:u8Bi6DG9tLOVIS9MNqtE3vh9T6I/U/8RBpYvy/VyMjc=
github.com/aws/aws-sdk-go-v2/service/codedeploy v1.29.8 h1:xL+AAd06Hdw20rmFXDfSEgChjgE/cIOYfSCBzXFZ0cU=
github.com/aws/aws-sdk-go-v2/service/codedeploy v1.29.8/go.mod h1:TSwz0tIKm7gbj+cM/btARXRF8VSPQ+1beyfpTgkLxNU=
github.com/aws/aws-sdk-go-v2/service/configservice v1.51.2 h1:DbzEBJvSIuk5yPyzD94CglS40ZTjKQct+Flm55uLbmQ=
github.com/aws/aws-sdk-go-v2/service/configservice v1.51.2/go.mod h1:nm1OoNlPmGfPdBvK/xqNvh3aqnsCXu8N3cyLk28kRfc=
github.com/aws/aws-sdk-go-v2/service/datasync v1.44.1 h1:Xrmrq2KYR7YH3hUaXqITpGj1aL86uvET79ZFXfmAl3M=
github.com/aws/aws-sdk-go-v2/service/datasync v1.44.1/go.mod h1:hvXfW5IP0GUj9DG1CPW/vkgUowsgVQUAWWrHqoFuovI=
github.com/aws/aws-sdk-go-v2/service/dynamodb v1.38.1 h1:AnSNs7Ogi0LXHPMDBx4RE7imU4/JmzWFziqkMKJA2AY=
github.com/aws/aws-sdk-go-v2/service/dynamodb v1.38.1/go.mod h1:J8xqRbx7HIc8ids2P8JbrKx9irONPEYq7Z1FpLDpi3I=
github.com/aws/aws-sdk-go-v2/service/ec2 v1.198.1 h1:YbNopxjd9baM83YEEmkaYHi+NuJt0AszeaSLqo0CVr0=
github.com/aws/aws-sdk-go-v2/service/ec2 v1.198.1/go.mod h1:mwr3iRm8u1+kkEx4ftDM2Q6Yr0XQFBKrP036ng+k5Lk=
github.com/aws/aws-sdk-go-v2/service/ecr v1.36.8 h1:cPdeSR2y0BDAr2S054U4ERlJ5mM1OWYazW7Jm/o+b1o=
github.com/aws/aws-sdk-go-v2/service/ecr v1.36.8/go.mod h1:NqKnlZvLl4Tp2UH/GEc/nhbjmPQhwOXmLp2eldiszLM=
github.com/aws/aws-sdk-go-v2/service/ecs v1.53.1 h1:sAT2jzHkds1cv7VvNpzFfCw2w3zAkh306x3MTLPjuoA=
github.com/aws/aws-sdk-go-v2/service/ecs v1.53.1/go.mod h1:YpTRClSDOPvN2e3kiIrYOx1sI+YKTZVmlMiNO2AwYhE=
github.com/aws/aws-sdk-go-v2/service/efs v1.34.2 h1:gV7yKX8euN6W9vXiPutShochfx5ren706E9D0qsoOjo=
github.com/aws/aws-sdk-go-v2/service/efs v1.34.2/go.mod h1:SB5IpCGoPDDTpf7wMLVtq5MRsad+vqIMONmJf/l4nqY=
github.com/aws/aws-sdk-go-v2/service/eks v1.54.1 h1:3sdH9XCjhoB7mpTGveksfT35NLbTahjTf7Sf4rPcqZk=
github.com/aws/aws-sdk-go-v2/service/eks v1.54.1/go.mod h1:kNUWaiotRWCnfQlprrxSMg8ALqbZyA9xLCwKXuLumSk=
github.com/aws/aws-sdk-go-v2/service/elasticache v1.44.2 h1:+dzQKj9hOytVJOQjRxBI1nWyfoyB4gPh91vUTnPPOTk=
github.com/aws/aws-sdk-go-v2/service/elasticache v1.44.2/go.mod h1:XIxNB7tOhWeEBxjR73NTGrQ6tTHM2YBCKS/5CL2YKqE=
github.com/aws/aws-sdk-go-v2/service/elasticbeanstalk v1.28.8 h1:A6w8FeT/ZD67gHTlJLdemN3eZbvcVXOcmeHvTLbkeCY=
github.com/aws/aws-sdk-go-v2/service/elasticbeanstalk v1.28.8/go.mod h1:hat9kpRr8nmdYKvacqWSpRGIbH8pDvwj68cO6zRkOpM=
github.com/aws/aws-sdk-go-v2/service/elasticloadbalancing v1.28.7 h1:FekiHlcqv3F1BtEF1kcuUQRckVQWQQi9d0s2UvbvwvE=
github.com/aws/aws-sdk-go-v2/service/elasticloadbalancing v1.28.7/go.mod h1:NhhK29UDwO8PSPb85Lt9bPuZaWTOCXdGP+8LK6Y8D/4=
github.com/aws/aws-sdk-go-v2/service/elasticloadbalancingv2 v1.43.2 h1:cbbM8HdENk64Vm8vrgk962p2CRzrZj2bybsWJwinM6E=
github.com/aws/aws-sdk-go-v2/service/elasticloadbalancingv2 v1.43.2/go.mod h1:vaGBfWQyju9wbTBd3k0ujKFKKE/UfscXZwS8f+j55QM=
github.com/aws/aws-sdk-go-v2/service/eventbridge v1.36.1 h1:T/X6qqOleh63LMUt90FkdQ9dBKTFvogsRlrk0dkCFww=
github.com/aws/aws-sdk-go-v2/service/eventbridge v1.36.1/go.mod h1:pd8aAX/C3BSJ4Y0PSF8KoOpXFP6p511Uu2PObSdhW/Y=
github.com/aws/aws-sdk-go-v2/service/firehose v1.35.3 h1:sYTcQxkegr5TXo7tuPOdmPxJFX75pdPKi35Wn7i3Zdc=
github.com/aws/aws-sdk-go-v2/service/firehose v1.35.3/go.mod h1:enMJr53++oOWp8UdocZE4avuepzSLlhduTp03AjQuDQ=
github.com/aws/aws-sdk-go-v2/service/grafana v1.26.8 h1:dZ3qWAilQFEKWYSJSyjSvaL3tl5kwPT9VXQ1GV+cqcM=
github.com/aws/aws-sdk-go-v2/service/grafana v1.26.8/go.mod h1:CKgvdy9Q91eKNQ0Mz8e65kEOzDVoeRGarecs1XNGkW8=
github.com/aws/aws-sdk-go-v2/service/guardduty v1.52.2 h1:G3Zn5O7FPgZ1deY6Xj/W2KeJqGyLZTwOt1t/UR5APOA=
github.com/aws/aws-sdk-go-v2/service/guardduty v1.52.2/go.mod h1:t9MUf/xsmtROFhlWE2jMn3HolrNBJQK3C/JdRoKkV6A=
github.com/aws/aws-sdk-go-v2/service/iam v1.38.3 h1:2sFIoFzU1IEL9epJWubJm9Dhrn45aTNEJuwsesaCGnk=
github.com/aws/aws-sdk-go-v2/service/iam v1.38.3/go.mod h1:KzlNINwfr/47tKkEhgk0r10/OZq3rjtyWy0txL3lM+I=
github.com/aws/aws-sdk-go-v2/service/internal/accept-encoding v1.12.1 h1:iXtILhvDxB6kPvEXgsDhGaZCSC6LQET5ZHSdJozeI0Y=
github.com/aws/aws-sdk-go-v2/service/internal/accept-encoding v1.12.1/go.mod h1:9nu0fVANtYiAePIBh2/pFUSwtJ402hLnp854CNoDOeE=
github.com/aws/aws-sdk-go-v2/service/internal/checksum v1.4.7 h1:tB4tNw83KcajNAzaIMhkhVI2Nt8fAZd5A5ro113FEMY=
github.com/aws/aws-sdk-go-v2/service/internal/checksum v1.4.7/go.mod h1:lvpyBGkZ3tZ9iSsUIcC2EWp+0ywa7aK3BLT+FwZi+mQ=
github.com/aws/aws-sdk-go-v2/service/internal/endpoint-discovery v1.10.7 h1:EqGlayejoCRXmnVC6lXl6phCm9R2+k35e0gWsO9G5DI=
github.com/aws/aws-sdk-go-v2/service/internal/endpoint-discovery v1.10.7/go.mod h1:BTw+t+/E5F3ZnDai/wSOYM54WUVjSdewE7Jvwtb7o+w=
github.com/aws/aws-sdk-go-v2/service/internal/presigned-url v1.12.7 h1:8eUsivBQzZHqe/3FE+cqwfH+0p5Jo8PFM/QYQSmeZ+M=
github.com/aws/aws-sdk-go-v2/service/internal/presigned-url v1.12.7/go.mod h1:kLPQvGUmxn/fqiCrDeohwG33bq2pQpGeY62yRO6Nrh0=
github.com/aws/aws-sdk-go-v2/service/internal/s3shared v1.18.7 h1:Hi0KGbrnr57bEHWM0bJ1QcBzxLrL/k2DHvGYhb8+W1w=
github.com/aws/aws-sdk-go-v2/service/internal/s3shared v1.18.7/go.mod h1:wKNgWgExdjjrm4qvfbTorkvocEstaoDl4WCvGfeCy9c=
github.com/aws/aws-sdk-go-v2/service/kafka v1.38.9 h1:2y8YEVPTiGBPPoHBLWU+hEnbA/rLVCEWkeF9nD0ox38=
github.com/aws/aws-sdk-go-v2/service/kafka v1.38.9/go.mod h1:8BomElFc/tYQysVPwmZXFytmn2CwnxKW51HqYD2B29Q=
github.com/aws/aws-sdk-go-v2/service/kinesis v1.32.8 h1:V/A0cd+UtmRa/vIetwHTSibk9ZIxEXunQZ8SaJ6N7dY=
github.com/aws/aws-sdk-go-v2/service/kinesis v1.32.8/go.mod h1:WmoBj0ARg65jSdpLzavVmbMvhw6k1uyG1y4CKtdZXBs=
github.com/aws/aws-sdk-go-v2/service/kms v1.37.8 h1:KbLZjYqhQ9hyB4HwXiheiflTlYQa0+Fz0Ms/rh5f3mk=
github.com/aws/aws-sdk-go-v2/service/kms v1.37.8/go.mod h1:ANs9kBhK4Ghj9z1W+bsr3WsNaPF71qkgd6eE6Ekol/Y=
github.com/aws/aws-sdk-go-v2/service/lambda v1.69.2 h1:z+Bc5arm0ZJQgiphpwpWF97/wCwBERRQ1CEA+Nckmkw=
github.com/aws/aws-sdk-go-v2/service/lambda v1.69.2/go.mod h1:jWFEZMgQ48dPvuAWy2zcRIq8Mx/L0eO0iR1xkGR4Ov8=
github.com/aws/aws-sdk-go-v2/service/macie2 v1.43.8 h1:usVxo62y3iObzvgXR6+Vx7F6GSEM9sa6vcCxPcOdgpI=
github.com/aws/aws-sdk-go-v2/service/macie2 v1.43.8/go.mod h1:+55oP7voi8jWtWudP3C6df7b4+XEQ50rOs2/Y2P136A=
github.com/aws/aws-sdk-go-v2/service/networkfirewall v1.44.6 h1:MqInJ1MzOTPj/0/DUsZzpUXhxwfe4xz+WqqGOS9+k5A=
github.com/aws/aws-sdk-go-v2/service/networkfirewall v1.44.6/go.mod h1:JRNqD9oCs0lfhwggQ9try04MIaPU8lJ5XIufAUv49Ho=
github.com/aws/aws-sdk-go-v2/service/opensearch v1.45.1 h1:SWAiZ6ubwtsfCvHzqByMmG2Qsoo94cLK81+5C2i5Hgk=
github.com/aws/aws-sdk-go-v2/service/opensearch v1.45.1/go.mod h1:06sh4z8qtZg8J5hY9stqqKXcrl3kZK9HMzgd/xXjRJI=
github.com/aws/aws-sdk-go-v2/service/rds v1.93.1 h1:v5ip0TLUaZqECeHBeBsCR3sTroCUFM1gcUY6vfqyHYM=
github.com/aws/aws-sdk-go-v2/service/rds v1.93.1/go.mod h1:QEpwiX4BS6nos2d/ele6gRGalNW0Hzc1TZMmhkywQb0=
github.com/aws/aws-sdk-go-v2/service/redshift v1.53.1 h1:fpuhuF5DuY26w61bBq8YrMYecLVs6eiQK7JbD9womPI=
github.com/aws/aws-sdk-go-v2/service/redshift v1.53.1/go.mod h1:Uz+PdLUo8+x/iXFrZGc+j+w/AVAfc7Qmju9XjCiQGHE=
github.com/aws/aws-sdk-go-v2/service/route53 v1.46.4 h1:0jMtawybbfpFEIMy4wvfyW2Z4YLr7mnuzT0fhR67Nrc=
github.com/aws/aws-sdk-go-v2/service/route53 v1.46.4/go.mod h1:xlMODgumb0Pp8bzfpojqelDrf8SL9rb5ovwmwKJl+oU=
github.com/aws/aws-sdk-go-v2/service/s3 v1.71.1 h1:aOVVZJgWbaH+EJYPvEgkNhCEbXXvH7+oML36oaPK3zE=
github.com/aws/aws-sdk-go-v2/service/s3 v1.71.1/go.mod h1:r+xl5yzMk9083rMR+sJ5TYj9Tihvf/l1oxzZXDgGj2Q=
github.com/aws/aws-sdk-go-v2/service/s3control v1.52.1 h1:xxGbXbGtO/VMz2JqB1UwEDlSchryUss0KmQJSZ0oTUE=
github.com/aws/aws-sdk-go-v2/service/s3control v1.52.1/go.mod h1:6BuUa52of67a+ri/poTH82XiL+rTGQWUPZCmf2cfVHI=
github.com/aws/aws-sdk-go-v2/service/sagemaker v1.169.1 h1:D/vrtWIZiWdTS7RuMe0mYflx+p0QBiuIdxefh8OuoIk=
github.com/aws/aws-sdk-go-v2/service/sagemaker v1.169.1/go.mod h1:hzu5ncs1K7l08GCup8WRVxw/uqgw1BQLDyfVomRM3sY=
github.com/aws/aws-sdk-go-v2/service/scheduler v1.12.9 h1:isM0cEE6tsKx0nN8PN6mD5KE875ZoXpBOyuhVg9eizw=
github.com/aws/aws-sdk-go-v2/service/scheduler v1.12.9/go.mod h1:GjSCVTlF0mOfHmQCl1MKcQIwmMOX4HYkKO3twXbm8+k=
github.com/aws/aws-sdk-go-v2/service/secretsmanager v1.34.8 h1:WT3EPriVEpHE2jeNqHqj7l43JCIWPoZjNNRluZ7agII=
github.com/aws/aws-sdk-go-v2/service/secretsmanager v1.34.8/go.mod h1:By/yiMzR0yfhPaqRWE3GrT9B/Z6871z1GfWGc+vf4Y8=
github.com/aws/aws-sdk-go-v2/service/securityhub v1.55.1 h1:kTDzGEPFJbFa8TBb2kHb5ryBkO72IfRWpqFlO1a3E54=
github.com/aws/aws-sdk-go-v2/service/securityhub v1.55.1/go.mod h1:ezzhWuvK3dRgRtC9vvG9z1SaHq/POpD9BEfdXnpqkqs=
github.com/aws/aws-sdk-go-v2/service/ses v1.29.2 h1:ezumdYONyhe5B4OvSZxQfqfSyKW9kjekr56u1UjQmys=
github.com/aws/aws-sdk-go-v2/service/ses v1.29.2/go.mod h1:ByuC9jwCXWra9D1ME4Y6nh4mGXcFN8E3pikGlut8GHM=
github.com/aws/aws-sdk-go-v2/service/sns v1.33.8 h1:zKokiUMOfbZSrAUVqw+bSjr6gl9u/JcvPzHTmL+tmdQ=
github.com/aws/aws-sdk-go-v2/service/sns v1.33.8/go.mod h1:Nf9YEyqE51C+Dyj0DWSATxvsr39jBFIss6Jee9Hyqx4=
github.com/aws/aws-sdk-go-v2/service/sqs v1.37.3 h1:94lmK3kN/iRSHrvWt+JujIqjVE53v0wrQ1lbPTmg6gM=
github.com/aws/aws-sdk-go-v2/service/sqs v1.37.3/go.mod h1:171mrsbgz6DahPMnLJzQiH3bXXrdsWhpE9USZiM19Lk=
github.com/aws/aws-sdk-go-v2/service/sso v1.24.8 h1:CvuUmnXI7ebaUAhbJcDy9YQx8wHR69eZ9I7q5hszt/g=
github.com/aws/aws-sdk-go-v2/service/sso v1.24.8/go.mod h1:XDeGv1opzwm8ubxddF0cgqkZWsyOtw4lr6dxwmb6YQg=
github.com/aws/aws-sdk-go-v2/service/ssooidc v1.28.7 h1:F2rBfNAL5UyswqoeWv9zs74N/NanhK16ydHW1pahX6E=
github.com/aws/aws-sdk-go-v2/service/ssooidc v1.28.7/go.mod h1:JfyQ0g2JG8+Krq0EuZNnRwX0mU0HrwY/tG6JNfcqh4k=
github.com/aws/aws-sdk-go-v2/service/sts v1.33.3 h1:Xgv/hyNgvLda/M9l9qxXc4UFSgppnRczLxlMs5Ae/QY=
github.com/aws/aws-sdk-go-v2/service/sts v1.33.3/go.mod h1:5Gn+d+VaaRgsjewpMvGazt0WfcFO+Md4wLOuBfGR9Bc=
github.com/aws/aws-sdk-go-v2/service/vpclattice v1.13.3 h1:lroNijmLbYdAogjg3PYYlDSY9yho+nczMeiYYOIsLNQ=
github.com/aws/aws-sdk-go-v2/service/vpclattice v1.13.3/go.mod h1:mA7e6cMF6CKPLwNqDIvRHy8IDhrlM3Kb9iqIq8bgPDE=
github.com/aws/smithy-go v1.22.1 h1:/HPHZQ0g7f4eUeK6HKglFz8uwVfZKgoI25rb/J+dnro=
github.com/aws/smithy-go v1.22.1/go.mod h1:irrKGvNn1InZwb2d7fkIRNucdfwR8R+Ts3wxYa/cJHg=
github.com/bgentry/speakeasy v0.1.0/go.mod h1:+zsyZBPWlz7T6j88CTgSN5bM796AkVf0kBD4zp0CCIs=
github.com/charmbracelet/lipgloss v0.6.0 h1:1StyZB9vBSOyuZxQUcUwGr17JmojPNm87inij9N3wJY=
github.com/charmbracelet/lipgloss v0.6.0/go.mod h1:tHh2wr34xcHjC2HCXIlGSG1jaDF0S0atAUvBMP6Ppuk=
github.com/containerd/console v1.0.3 h1:lIr7SlA5PxZyMV30bDW0MGbiOPXwc63yRuCP0ARubLw=
github.com/containerd/console v1.0.3/go.mod h1:7LqA/THxQ86k76b8c/EMSiaJ3h1eZkMkXar0TQ1gf3U=
github.com/cpuguy83/go-md2man/v2 v2.0.0-20190314233015-f79a8a8ca69d/go.mod h1:maD7wRr/U5Z6m/iR4s+kqSMx2CaBsrgA7czyZG/E6dU=
github.com/cpuguy83/go-md2man/v2 v2.0.2 h1:p1EgwI/C7NhT0JmVkwCD2ZBK8j4aeHQX2pMHHBfMQ6w=
github.com/cpuguy83/go-md2man/v2 v2.0.2/go.mod h1:tgQtvFlXSQOSOSIRvRPT7W67SCa46tRHOmNcaadrF8o=
github.com/davecgh/go-spew v1.1.0/go.mod h1:J7Y8YcW2NihsgmVo/mv3lAwl/skON4iLHjSsI+c5H38=
github.com/davecgh/go-spew v1.1.1 h1:vj9j/u1bqnvCEfJOwUhtlOARqs3+rkHYY13jYWTU97c=
github.com/davecgh/go-spew v1.1.1/go.mod h1:J7Y8YcW2NihsgmVo/mv3lAwl/skON4iLHjSsI+c5H38=
github.com/fatih/color v1.9.0/go.mod h1:eQcE1qtQxscV5RaZvpXrrb8Drkc3/DdQ+uUYCNjL+zU=
github.com/go-errors/errors v1.0.1/go.mod h1:f4zRHt4oKfwPJE5k8C9vpYG+aDHdBFUsgrm6/TyX73Q=
github.com/go-errors/errors v1.4.2 h1:J6MZopCL4uSllY1OfXM374weqZFFItUbrImctkmUxIA=
github.com/go-errors/errors v1.4.2/go.mod h1:sIVyrIiJhuEF+Pj9Ebtd6P/rEYROXFi3BopGUQ5a5Og=
github.com/google/uuid v1.2.0 h1:qJYtXnJRWmpe7m/3XlyhrsLrEURqHRM2kxzoxXqyUDs=
github.com/google/uuid v1.2.0/go.mod h1:TIyPZe4MgqvfeYDBFedMoGGpEw/LqOeaOT+nhxU+yHo=
github.com/gookit/color v1.4.2/go.mod h1:fqRyamkC1W8uxl+lxCQxOT09l/vYfZ+QeiX3rKQHCoQ=
github.com/gookit/color v1.5.0 h1:1Opow3+BWDwqor78DcJkJCIwnkviFi+rrOANki9BUFw=
github.com/gookit/color v1.5.0/go.mod h1:43aQb+Zerm/BWh2GnrgOQm7ffz7tvQXEKV6BFMl7wAo=
github.com/gruntwork-io/go-commons v0.17.0 h1:ZwCO7P+NAdH1/NcLmf0kK/SZ/egqWIgHujlbmSzFDX4=
github.com/gruntwork-io/go-commons v0.17.0/go.mod h1:S98JcR7irPD1bcruSvnqupg+WSJEJ6xaM89fpUZVISk=
github.com/gruntwork-io/gruntwork-cli v0.7.0 h1:YgSAmfCj9c61H+zuvHwKfYUwlMhu5arnQQLM4RH+CYs=
github.com/gruntwork-io/gruntwork-cli v0.7.0/go.mod h1:jp6Z7NcLF2avpY8v71fBx6hds9eOFPELSuD/VPv7w00=
github.com/hashicorp/errwrap v1.0.0 h1:hLrqtEDnRye3+sgx6z4qVLNuviH3MR5aQ0ykNJa/UYA=
github.com/hashicorp/errwrap v1.0.0/go.mod h1:YH+1FKiLXxHSkmPseP+kNlulaMuP3n2brvKWEqk/Jc4=
github.com/hashicorp/go-multierror v1.1.1 h1:H5DkEtf6CXdFp0N0Em5UCwQpXMWke8IA0+lD48awMYo=
github.com/hashicorp/go-multierror v1.1.1/go.mod h1:iw975J/qwKPdAO1clOe2L8331t/9/fmwbPZ6JB6eMoM=
github.com/jmespath/go-jmespath v0.4.0 h1:BEgLn5cpjn8UN1mAw4NjwDrS35OdebyEtFe+9YPoQUg=
github.com/jmespath/go-jmespath v0.4.0/go.mod h1:T8mJZnbsbmF+m6zOOFylbeCJqk5+pHWvzYPziyZiYoo=
github.com/jmespath/go-jmespath/internal/testify v1.5.1 h1:shLQSRRSCCPj3f2gpwzGwWFoC7ycTf1rcQZHOlsJ6N8=
github.com/jmespath/go-jmespath/internal/testify v1.5.1/go.mod h1:L3OGu8Wl2/fWfCI6z80xFu9LTZmf1ZRjMHUOPmWr69U=
github.com/klauspost/cpuid/v2 v2.0.9/go.mod h1:FInQzS24/EEf25PyTYn52gqo7WaD8xa0213Md/qVLRg=
github.com/klauspost/cpuid/v2 v2.0.10/go.mod h1:g2LTdtYhdyuGPqyWyv7qRAmj1WBqxuObKfj5c0PQa7c=
github.com/klauspost/cpuid/v2 v2.0.12 h1:p9dKCg8i4gmOxtv35DvrYoWqYzQrvEVdjQ762Y0OqZE=
github.com/klauspost/cpuid/v2 v2.0.12/go.mod h1:g2LTdtYhdyuGPqyWyv7qRAmj1WBqxuObKfj5c0PQa7c=
github.com/konsorten/go-windows-terminal-sequences v1.0.1/go.mod h1:T0+1ngSBFLxvqU3pZ+m/2kptfBszLMUkC4ZK/EgS/cQ=
github.com/kr/pretty v0.1.0 h1:L/CwN0zerZDmRFUapSPitk6f+Q3+0za1rQkzVuMiMFI=
github.com/kr/pretty v0.1.0/go.mod h1:dAy3ld7l9f0ibDNOQOHHMYYIIbhfbHSm3C4ZsoJORNo=
github.com/kr/pty v1.1.1/go.mod h1:pFQYn66WHrOpPYNljwOMqo10TkYh1fy3cYio2l3bCsQ=
github.com/kr/text v0.1.0 h1:45sCR5RtlFHMR4UwH9sdQ5TC8v0qDQCHnXt+kaKSTVE=
github.com/kr/text v0.1.0/go.mod h1:4Jbv+DJW3UT/LiOwJeYQe1efqtUx/iVham/4vfdArNI=
github.com/lithammer/fuzzysearch v1.1.5 h1:Ag7aKU08wp0R9QCfF4GoGST9HbmAIeLP7xwMrOBEp1c=
github.com/lithammer/fuzzysearch v1.1.5/go.mod h1:1R1LRNk7yKid1BaQkmuLQaHruxcC4HmAH30Dh61Ih1Q=
github.com/lucasb-eyer/go-colorful v1.2.0 h1:1nnpGOrhyZZuNyfu1QjKiUICQ74+3FNCN69Aj6K7nkY=
github.com/lucasb-eyer/go-colorful v1.2.0/go.mod h1:R4dSotOR9KMtayYi1e77YzuveK+i7ruzyGqttikkLy0=
github.com/mattn/go-colorable v0.1.4/go.mod h1:U0ppj6V5qS13XJ6of8GYAs25YV2eR4EVcfRqFIhoBtE=
github.com/mattn/go-isatty v0.0.8/go.mod h1:Iq45c/XA43vh69/j3iqttzPXn0bhXyGjM0Hdxcsrc5s=
github.com/mattn/go-isatty v0.0.11/go.mod h1:PhnuNfih5lzO57/f3n+odYbM4JtupLOxQOAqxQCu2WE=
github.com/mattn/go-isatty v0.0.14 h1:yVuAays6BHfxijgZPzw+3Zlu5yQgKGP2/hcQbHb7S9Y=
github.com/mattn/go-isatty v0.0.14/go.mod h1:7GGIvUiUoEMVVmxf/4nioHXj79iQHKdU27kJ6hsGG94=
github.com/mattn/go-runewidth v0.0.10/go.mod h1:RAqKPSqVFrSLVXbA8x7dzmKdmGzieGRCM46jaSJTDAk=
github.com/mattn/go-runewidth v0.0.12/go.mod h1:RAqKPSqVFrSLVXbA8x7dzmKdmGzieGRCM46jaSJTDAk=
github.com/mattn/go-runewidth v0.0.13 h1:lTGmDsbAYt5DmK6OnoV7EuIF1wEIFAcxld6ypU4OSgU=
github.com/mattn/go-runewidth v0.0.13/go.mod h1:Jdepj2loyihRzMpdS35Xk/zdY8IAYHsh153qUoGf23w=
github.com/mattn/go-zglob v0.0.1/go.mod h1:9fxibJccNxU2cnpIKLRRFA7zX7qhkJIQWBb449FYHOo=
github.com/muesli/reflow v0.2.1-0.20210115123740-9e1d0d53df68/go.mod h1:Xk+z4oIWdQqJzsxyjgl3P22oYZnHdZ8FFTHAQQt5BMQ=
github.com/muesli/reflow v0.3.0 h1:IFsN6K9NfGtjeggFP+68I4chLZV2yIKsXJFNZ+eWh6s=
github.com/muesli/reflow v0.3.0/go.mod h1:pbwTDkVPibjO2kyvBQRBxTWEEGDGq0FlB1BIKtnHY/8=
github.com/muesli/termenv v0.11.1-0.20220204035834-5ac8409525e0 h1:STjmj0uFfRryL9fzRA/OupNppeAID6QJYPMavTL7jtY=
github.com/muesli/termenv v0.11.1-0.20220204035834-5ac8409525e0/go.mod h1:Bd5NYQ7pd+SrtBSrSNoBBmXlcY8+Xj4BMJgh8qcZrvs=
github.com/pmezard/go-difflib v1.0.0 h1:4DBwDE0NGyQoBHbLQYPwSUPoCMWR5BEzIk/f1lZbAQM=
github.com/pmezard/go-difflib v1.0.0/go.mod h1:iKH77koFhYxTK1pcRnkKkqfTogsbg7gZNVY4sRDYZ/4=
github.com/pterm/pterm v0.12.27/go.mod h1:PhQ89w4i95rhgE+xedAoqous6K9X+r6aSOI2eFF7DZI=
github.com/pterm/pterm v0.12.29/go.mod h1:WI3qxgvoQFFGKGjGnJR849gU0TsEOvKn5Q8LlY1U7lg=
github.com/pterm/pterm v0.12.30/go.mod h1:MOqLIyMOgmTDz9yorcYbcw+HsgoZo3BQfg2wtl3HEFE=
github.com/pterm/pterm v0.12.31/go.mod h1:32ZAWZVXD7ZfG0s8qqHXePte42kdz8ECtRyEejaWgXU=
github.com/pterm/pterm v0.12.33/go.mod h1:x+h2uL+n7CP/rel9+bImHD5lF3nM9vJj80k9ybiiTTE=
github.com/pterm/pterm v0.12.36/go.mod h1:NjiL09hFhT/vWjQHSj1athJpx6H8cjpHXNAK5bUw8T8=
github.com/pterm/pterm v0.12.40/go.mod h1:ffwPLwlbXxP+rxT0GsgDTzS3y3rmpAO1NMjUkGTYf8s=
github.com/pterm/pterm v0.12.45 h1:5HATKLTDjl9D74b0x7yiHzFI7OADlSXK3yHrJNhRwZE=
github.com/pterm/pterm v0.12.45/go.mod h1:hJgLlBafm45w/Hr0dKXxY//POD7CgowhePaG1sdPNBg=
github.com/rivo/uniseg v0.1.0/go.mod h1:J6wj4VEh+S6ZtnVlnTBMWIodfgj8LQOQFoIToxlJtxc=
github.com/rivo/uniseg v0.2.0 h1:S1pD9weZBuJdFmowNwbpi7BJ8TNftyUImj/0WQi72jY=
github.com/rivo/uniseg v0.2.0/go.mod h1:J6wj4VEh+S6ZtnVlnTBMWIodfgj8LQOQFoIToxlJtxc=
github.com/russross/blackfriday/v2 v2.0.1/go.mod h1:+Rmxgy9KzJVeS9/2gXHxylqXiyQDYRxCVz55jmeOWTM=
github.com/russross/blackfriday/v2 v2.1.0 h1:JIOH55/0cWyOuilr9/qlrm0BSXldqnqwMsf35Ld67mk=
github.com/russross/blackfriday/v2 v2.1.0/go.mod h1:+Rmxgy9KzJVeS9/2gXHxylqXiyQDYRxCVz55jmeOWTM=
github.com/sergi/go-diff v1.2.0 h1:XU+rvMAioB0UC3q1MFrIQy4Vo5/4VsRDQQXHsEya6xQ=
github.com/sergi/go-diff v1.2.0/go.mod h1:STckp+ISIX8hZLjrqAeVduY0gWCT9IjLuqbuNXdaHfM=
github.com/shurcooL/sanitized_anchor_name v1.0.0/go.mod h1:1NzhyTcUVG4SuEtjjoZeVRXNmyL/1OwPU0+IJeTBvfc=
github.com/sirupsen/logrus v1.4.2/go.mod h1:tLMulIdttU9McNUspp0xgXVQah82FyeX6MwdIuYE2rE=
github.com/sirupsen/logrus v1.8.1 h1:dJKuHgqk1NNQlqoA6BTlM1Wf9DOH3NBjQyu0h9+AZZE=
github.com/sirupsen/logrus v1.8.1/go.mod h1:yWOB1SBYBC5VeMP7gHvWumXLIWorT60ONWic61uBYv0=
github.com/stretchr/objx v0.1.0/go.mod h1:HFkY916IF+rwdDfMAkV7OtwuqBVzrE8GR6GFx+wExME=
github.com/stretchr/objx v0.1.1/go.mod h1:HFkY916IF+rwdDfMAkV7OtwuqBVzrE8GR6GFx+wExME=
github.com/stretchr/objx v0.4.0/go.mod h1:YvHI0jy2hoMjB+UWwv71VJQ9isScKT/TqJzVSSt89Yw=
github.com/stretchr/objx v0.5.0/go.mod h1:Yh+to48EsGEfYuaHDzXPcE3xhTkx73EhmCGUpEOglKo=
github.com/stretchr/testify v1.2.2/go.mod h1:a8OnRcib4nhh0OaRAV+Yts87kKdq0PP7pXfy6kDkUVs=
github.com/stretchr/testify v1.4.0/go.mod h1:j7eGeouHqKxXV5pUuKE4zz7dFj8WfuZ+81PSLYec5m4=
github.com/stretchr/testify v1.6.1/go.mod h1:6Fq8oRcR53rry900zMqJjRRixrwX3KX962/h/Wwjteg=
github.com/stretchr/testify v1.7.0/go.mod h1:6Fq8oRcR53rry900zMqJjRRixrwX3KX962/h/Wwjteg=
github.com/stretchr/testify v1.7.1/go.mod h1:6Fq8oRcR53rry900zMqJjRRixrwX3KX962/h/Wwjteg=
github.com/stretchr/testify v1.8.0/go.mod h1:yNjHg4UonilssWZ8iaSj1OCr/vHnekPRkoO+kdMU+MU=
github.com/stretchr/testify v1.8.1 h1:w7B6lhMri9wdJUVmEZPGGhZzrYTPvgJArz7wNPgYKsk=
github.com/stretchr/testify v1.8.1/go.mod h1:w2LPCIKwWwSfY2zedu0+kehJoqGctiVI29o6fzry7u4=
github.com/urfave/cli v1.22.2/go.mod h1:Gos4lmkARVdJ6EkW0WaNv/tZAAMe9V7XWyB60NtXRu0=
github.com/urfave/cli v1.22.12 h1:igJgVw1JdKH+trcLWLeLwZjU9fEfPesQ+9/e4MQ44S8=
github.com/urfave/cli v1.22.12/go.mod h1:sSBEIC79qR6OvcmsD4U3KABeOTxDqQtdDnaFuUN30b8=
github.com/urfave/cli/v2 v2.10.3 h1:oi571Fxz5aHugfBAJd5nkwSk3fzATXtMlpxdLylSCMo=
github.com/urfave/cli/v2 v2.10.3/go.mod h1:f8iq5LtQ/bLxafbdBSLPPNsgaW0l/2fYYEHhAyPlwvo=
github.com/xo/terminfo v0.0.0-20210125001918-ca9a967f8778 h1:QldyIu/L63oPpyvQmHgvgickp1Yw510KJOqX7H24mg8=
github.com/xo/terminfo v0.0.0-20210125001918-ca9a967f8778/go.mod h1:2MuV+tbUrU1zIOPMxZ5EncGwgmMJsa+9ucAQZXxsObs=
github.com/xrash/smetrics v0.0.0-20201216005158-039620a65673 h1:bAn7/zixMGCfxrRTfdpNzjtPYqr8smhKouy9mxVdGPU=
github.com/xrash/smetrics v0.0.0-20201216005158-039620a65673/go.mod h1:N3UwUGtsrSj3ccvlPHLoLsHnpR27oXr4ZE984MbSER8=
golang.org/x/exp v0.0.0-20221106115401-f9659909a136 h1:Fq7F/w7MAa1KJ5bt2aJ62ihqp9HDcRuyILskkpIAurw=
golang.org/x/exp v0.0.0-20221106115401-f9659909a136/go.mod h1:CxIveKay+FTh1D0yPZemJVgC/95VzuuOLq5Qi4xnoYc=
golang.org/x/sys v0.0.0-20190222072716-a9d3bda3a223/go.mod h1:STP8DvDyc/dI5b8T5hshtkjS+E42TnysNCUPdjciGhY=
golang.org/x/sys v0.0.0-20190422165155-953cdadca894/go.mod h1:h1NjWce9XRLGQEsW7wpKNCjG9DtNlClVuFLEZdDNbEs=
golang.org/x/sys v0.0.0-20191026070338-33540a1f6037/go.mod h1:h1NjWce9XRLGQEsW7wpKNCjG9DtNlClVuFLEZdDNbEs=
golang.org/x/sys v0.0.0-20201119102817-f84b799fce68/go.mod h1:h1NjWce9XRLGQEsW7wpKNCjG9DtNlClVuFLEZdDNbEs=
golang.org/x/sys v0.0.0-20210124154548-22da62e12c0c/go.mod h1:h1NjWce9XRLGQEsW7wpKNCjG9DtNlClVuFLEZdDNbEs=
golang.org/x/sys v0.0.0-20210330210617-4fbd30eecc44/go.mod h1:h1NjWce9XRLGQEsW7wpKNCjG9DtNlClVuFLEZdDNbEs=
golang.org/x/sys v0.0.0-20210615035016-665e8c7367d1/go.mod h1:oPkhp1MJrh7nUepCBck5+mAzfO9JrbApNNgaTdGDITg=
golang.org/x/sys v0.0.0-20210630005230-0f9fa26af87c/go.mod h1:oPkhp1MJrh7nUepCBck5+mAzfO9JrbApNNgaTdGDITg=
golang.org/x/sys v0.0.0-20211013075003-97ac67df715c/go.mod h1:oPkhp1MJrh7nUepCBck5+mAzfO9JrbApNNgaTdGDITg=
golang.org/x/sys v0.0.0-20220319134239-a9b59b0215f8/go.mod h1:oPkhp1MJrh7nUepCBck5+mAzfO9JrbApNNgaTdGDITg=
golang.org/x/sys v0.13.0 h1:Af8nKPmuFypiUBjVoU9V20FiaFXOcuZI21p0ycVYYGE=
golang.org/x/sys v0.13.0/go.mod h1:oPkhp1MJrh7nUepCBck5+mAzfO9JrbApNNgaTdGDITg=
golang.org/x/term v0.0.0-20210220032956-6a3ed077a48d/go.mod h1:bj7SfCRtBDWHUb9snDiAeCFNEtKQo2Wmx5Cou7ajbmo=
golang.org/x/term v0.0.0-20210615171337-6886f2dfbf5b/go.mod h1:jbD1KX2456YbFQfuXm/mYQcufACuNUgVhRMnK/tPxf8=
golang.org/x/term v0.0.0-20210927222741-03fcf44c2211/go.mod h1:jbD1KX2456YbFQfuXm/mYQcufACuNUgVhRMnK/tPxf8=
golang.org/x/term v0.13.0 h1:bb+I9cTfFazGW51MZqBVmZy7+JEJMouUHTUSKVQLBek=
golang.org/x/term v0.13.0/go.mod h1:LTmsnFJwVN6bCy1rVCoS+qHT1HhALEFxKncY3WNNh4U=
golang.org/x/text v0.3.7/go.mod h1:u+2+/6zg+i71rQMx5EYifcz6MCKuco9NR6JIITiCfzQ=
golang.org/x/text v0.13.0 h1:ablQoSUd0tRdKxZewP80B+BaqeKJuVhuRxj/dkrun3k=
golang.org/x/text v0.13.0/go.mod h1:TvPlkZtksWOMsz7fbANvkp4WM8x/WCo/om8BMLbz+aE=
golang.org/x/tools v0.0.0-20180917221912-90fa682c2a6e/go.mod h1:n7NCudcB/nEzxVGmLbDWY5pfWTLqBcC2KZ6jyYvM4mQ=
gopkg.in/check.v1 v0.0.0-20161208181325-20d25e280405/go.mod h1:Co6ibVJAznAaIkqp8huTwlJQCZ016jof/cbN4VW5Yz0=
gopkg.in/check.v1 v1.0.0-20190902080502-41f04d3bba15 h1:YR8cESwS4TdDjEe65xsg0ogRM/Nc3DYOhEAlW+xobZo=
gopkg.in/check.v1 v1.0.0-20190902080502-41f04d3bba15/go.mod h1:Co6ibVJAznAaIkqp8huTwlJQCZ016jof/cbN4VW5Yz0=
gopkg.in/yaml.v2 v2.2.2/go.mod h1:hI93XBmqTisBFMUTm0b8Fm+jr3Dg1NNxqwp+5A1VGuI=
gopkg.in/yaml.v2 v2.2.4/go.mod h1:hI93XBmqTisBFMUTm0b8Fm+jr3Dg1NNxqwp+5A1VGuI=
gopkg.in/yaml.v2 v2.2.8/go.mod h1:hI93XBmqTisBFMUTm0b8Fm+jr3Dg1NNxqwp+5A1VGuI=
gopkg.in/yaml.v2 v2.4.0 h1:D8xgwECY7CYvx+Y2n4sBz93Jn9JRvxdiyyo8CTfuKaY=
gopkg.in/yaml.v2 v2.4.0/go.mod h1:RDklbk79AGWmwhnvt/jBztapEOGDOx6ZbXqjP6csGnQ=
gopkg.in/yaml.v3 v3.0.0-20200313102051-9f266ea9e77c/go.mod h1:K4uyk7z7BCEPqu6E+C64Yfv1cQ7kz7rIZviUmN+EgEM=
gopkg.in/yaml.v3 v3.0.0-20210107192922-496545a6307b/go.mod h1:K4uyk7z7BCEPqu6E+C64Yfv1cQ7kz7rIZviUmN+EgEM=
gopkg.in/yaml.v3 v3.0.1 h1:fxVm/GzAzEWqLHuvctI91KS9hhNmmWOoWu0XTYJS7CA=
gopkg.in/yaml.v3 v3.0.1/go.mod h1:K4uyk7z7BCEPqu6E+C64Yfv1cQ7kz7rIZviUmN+EgEM=
