atomicgo.dev/cursor v0.1.1 h1:0t9sxQomCTRh5ug+hAMCs59x/UmC9QL6Ci5uosINKD4=
atomicgo.dev/cursor v0.1.1/go.mod h1:Lr4ZJB3U7DfPPOkbH7/6TOtJ4vFGHlgj1nc+n900IpU=
atomicgo.dev/keyboard v0.2.8 h1:Di09BitwZgdTV1hPyX/b9Cqxi8HVuJQwWivnZUEqlj4=
atomicgo.dev/keyboard v0.2.8/go.mod h1:BC4w9g00XkxH/f1HXhW2sXmJFOCWbKn9xrOunSFtExQ=
github.com/BurntSushi/toml v0.3.1/go.mod h1:xHWCNGjB5oqiDr8zfno3MHue2Ht5sIBksp03qcyfWMU=
github.com/BurntSushi/toml v1.2.1/go.mod h1:CxXYINrC8qIiEnFrOxCa7Jy5BFHlXnUU2pbicEuybxQ=
github.com/MarvinJWendt/testza v0.1.0/go.mod h1:7AxNvlfeHP7Z/hDQ5JtE3OKYT3XFUeLCDE2DQninSqs=
github.com/MarvinJWendt/testza v0.2.1/go.mod h1:God7bhG8n6uQxwdScay+gjm9/LnO4D3kkcZX4hv9Rp8=
github.com/MarvinJWendt/testza v0.2.8/go.mod h1:nwIcjmr0Zz+Rcwfh3/4UhBp7ePKVhuBExvZqnKYWlII=
github.com/MarvinJWendt/testza v0.2.10/go.mod h1:pd+VWsoGUiFtq+hRKSU1Bktnn+DMCSrDrXDpX2bG66k=
github.com/MarvinJWendt/testza v0.2.12/go.mod h1:JOIegYyV7rX+7VZ9r77L/eH6CfJHHzXjB69adAhzZkI=
github.com/MarvinJWendt/testza v0.3.0/go.mod h1:eFcL4I0idjtIx8P9C6KkAuLgATNKpX4/2oUqKc6bF2c=
github.com/MarvinJWendt/testza v0.4.2 h1:Vbw9GkSB5erJI2BPnBL9SVGV9myE+XmUSFahBGUhW2Q=
github.com/MarvinJWendt/testza v0.4.2/go.mod h1:mSdhXiKH8sg/gQehJ63bINcCKp7RtYewEjXsvsVUPbE=
github.com/atomicgo/cursor v0.0.1/go.mod h1:cBON2QmmrysudxNBFthvMtN32r3jxVRIvzkUiF/RuIk=
github.com/aws/aws-sdk-go v1.49.13 h1:f4mGztsgnx2dR9r8FQYa9YW/RsKb+N7bgef4UGrOW1Y=
github.com/aws/aws-sdk-go v1.49.13/go.mod h1:LF8svs817+Nz+DmiMQKTO3ubZ/6IaTpq3TjupRn3Eqk=
github.com/aws/aws-sdk-go-v2 v1.32.6 h1:7BokKRgRPuGmKkFMhEg/jSul+tB9VvXhcViILtfG8b4=
github.com/aws/aws-sdk-go-v2 v1.32.6/go.mod h1:P5WJBrYqqbWVaOxgH0X/FYYD47/nooaPOZPlQdmiN2U=
github.com/aws/aws-sdk-go-v2/aws/protocol/eventstream v1.6.7 h1:lL7IfaFzngfx0ZwUGOZdsFFnQ5uLvR0hWqqhyE7Q9M8=
github.com/aws/aws-sdk-go-v2/aws/protocol/eventstream v1.6.7/go.mod h1:QraP0UcVlQJsmHfioCrveWOC1nbiWUl3ej08h4mXWoc=
github.com/aws/aws-sdk-go-v2/config v1.28.6 h1:D89IKtGrs/I3QXOLNTH93NJYtDhm8SYa9Q5CsPShmyo=
github.com/aws/aws-sdk-go-v2/config v1.28.6/go.mod h1:GDzxJ5wyyFSCoLkS+UhGB0dArhb9mI+Co4dHtoTxbko=
github.com/aws/aws-sdk-go-v2/credentials v1.17.47 h1:48bA+3/fCdi2yAwVt+3COvmatZ6jUDNkDTIsqDiMUdw=
github.com/aws/aws-sdk-go-v2/credentials v1.17.47/go.mod h1:+KdckOejLW3Ks3b0E3b5rHsr2f9yuORBum0WPnE5o5w=
github.com/aws/aws-sdk-go-v2/feature/ec2/imds v1.16.21 h1:AmoU1pziydclFT/xRV+xXE/Vb8fttJCLRPv8oAkprc0=
github.com/aws/aws-sdk-go-v2/feature/ec2/imds v1.16.21/go.mod h1:AjUdLYe4Tgs6kpH4Bv7uMZo7pottoyHMn4eTcIcneaY=
github.com/aws/aws-sdk-go-v2/internal/configsources v1.3.25 h1:s/fF4+yDQDoElYhfIVvSNyeCydfbuTKzhxSXDXCPasU=
github.com/aws/aws-sdk-go-v2/internal/configsources v1.3.25/go.mod h1:IgPfDv5jqFIzQSNbUEMoitNooSMXjRSDkhXv8jiROvU=
github.com/aws/aws-sdk-go-v2/internal/endpoints/v2 v2.6.25 h1:ZntTCl5EsYnhN/IygQEUugpdwbhdkom9uHcbCftiGgA=
github.com/aws/aws-sdk-go-v2/internal/endpoints/v2 v2.6.25/go.mod h1:DBdPrgeocww+CSl1C8cEV8PN1mHMBhuCDLpXezyvWkE=
github.com/aws/aws-sdk-go-v2/internal/ini v1.8.1 h1:VaRN3TlFdd6KxX1x3ILT5ynH6HvKgqdiXoTxAF4HQcQ=
github.com/aws/aws-sdk-go-v2/internal/ini v1.8.1/go.mod h1:FbtygfRFze9usAadmnGJNc8KsP346kEe+y2/oyhGAGc=
github.com/aws/aws-sdk-go-v2/internal/v4a v1.3.25 h1:r67ps7oHCYnflpgDy2LZU0MAQtQbYIOqNNnqGO6xQkE=
github.com/aws/aws-sdk-go-v2/internal/v4a v1.3.25/go.mod h1:GrGY+Q4fIokYLtjCVB/aFfCVL6hhGUFl8inD18fDalE=
github.com/aws/aws-sdk-go-v2/service/accessanalyzer v1.36.2 h1:9WvCTutkgDExBamb9UZQ94oiCjJwXUhhtoBH3NIs0Iw=
github.com/aws/aws-sdk-go-v2/service/accessanalyzer v1.36.2/go.mod h1:9QmJU2Zam+wUZe8etjM4VY9NlC0WeMFLIvtUIOIko4U=
github.com/aws/aws-sdk-go-v2/service/acm v1.30.7 h1:rv8PVsnReslpDVVByyuX4LzfA7j0+Jcj6Gili1dBEd0=
github.com/aws/aws-sdk-go-v2/service/acm v1.30.7/go.mod h1:ns7D5/uAekEaVLAIzzNrxVz/CsBCCwNfSdi46PEaGhI=
github.com/aws/aws-sdk-go-v2/service/acmpca v1.37.8 h1:qcx0XpDUjTkwp89kt15m1iKorZ1BK1uzXFTT+1NvU0A=
github.com/aws/aws-sdk-go-v2/service/acmpca v1.37.8/go.mod h1:T44GdsVnipn1kFnmZbVqLhDNtl9rrWVBmjsuPIrRQzY=
github.com/aws/aws-sdk-go-v2/service/amp v1.30.4 h1:0ya3FPNzwsGD93yx7ag3l5sD6Kelb8qghRAUgRfB5G8=
github.com/aws/aws-sdk-go-v2/service/amp v1.30.4/go.mod h1:e3oL6s7I4YUSaRCpz4gSp1ujDmi+f0CwMbDjlRsad40=
github.com/aws/aws-sdk-go-v2/service/apigateway v1.28.1 h1:XBVNkd4B5uGC6RgJ+/4x/ZUuk7/6f/hQ8cvGRSxltBI=
github.com/aws/aws-sdk-go-v2/service/apigateway v1.28.1/go.mod h1:4cynmnoMmeiroN7OvI8upcQbvJ3Rfzd3j5hOthYKQnk=
github.com/aws/aws-sdk-go-v2/service/apigatewayv2 v1.24.7 h1:sDijLs7HLzhvxPWxODryESj4gMA8A8seQWhaUVZaPlE=
github.com/aws/aws-sdk-go-v2/service/apigatewayv2 v1.24.7/go.mod h1:5AN33eZ7xq2pxsvMJGgXmQA30PQGHOGOaHZf8Q7AaFw=
github.com/aws/aws-sdk-go-v2/service/apprunner v1.32.7 h1:VlcGnZMtvyxACAPxWPPyWBIRmaqQ62vyf/dTWKyHC84=
github.com/aws/aws-sdk-go-v2/service/apprunner v1.32.7/go.mod h1:/lor1ybmbMZb2It700RSirZR8uIXzt6/EVv9b9qX3r0=
github.com/aws/aws-sdk-go-v2/service/autoscaling v1.51.1 h1:XFZsqNpwwi/D8nFI/tdUQn1QW1BTVcuQH382RNUXojE=
github.com/aws/aws-sdk-go-v2/service/autoscaling v1.51.1/go.mod h1:r+eOyjSMo2zY+j6zEEaHjb7nU74oyva1r2/wFqDkPg4=
github.com/aws/aws-sdk-go-v2/service/backup v1.39.8 h1:ChfrtARE1PhWRW+EZ89IywUUoiPf4f9HYFEahbDaKxo=
github.com/aws/aws-sdk-go-v2/service/backup v1.39.8/go.mod h1:YgtsGOZJNjMAnSov/HRVspxzEUjjszZi3qXo90gzNU8=
github.com/aws/aws-sdk-go-v2/service/cloudtrail v1.46.3 h1:DfrEQMWCfk0wkuv/r0zwcGoykCuYWCLoGolbax6O3sw=
github.com/aws/aws-sdk-go-v2/service/cloudtrail v1.46.3/go.mod h1:WcTfALKgqv+VCMRCLtG4155sAwcfdYhFADc/yDJgSlc=
github.com/aws/aws-sdk-go-v2/service/cloudwatch v1.43.3 h1:nQLG9irjDGUFXVPDHzjCGEEwh0hZ6BcxTvHOod1YsP4=
github.com/aws/aws-sdk-go-v2/service/cloudwatch v1.43.3/go.mod h1:URs8sqsyaxiAZkKP6tOEmhcs9j2ynFIomqOKY/CAHJc=
github.com/aws/aws-sdk-go-v2/service/cloudwatchlogs v1.45.0 h1:j9rGKWaYglZpf9KbJCQVM/L85Y4UdGMgK80A1OddR24=
github.com/aws/aws-sdk-go-v2/service/cloudwatchlogs v1.45.0/go.mod h1:LZafBHU62ByizrdhNLMnzWGsUX+abAW4q35PN+FOj+A=
github.com/aws/aws-sdk-go-v2/service/codedeploy v1.29.7 h1:WPhY1/OCDi8AteUyBZj7zvVczNZ4O6T5/HtSxBWh3nE=
github.com/aws/aws-sdk-go-v2/service/codedeploy v1.29.7/go.mod h1:0Xfzxc16U/0QopHTRY6P7MapMxHqd8RkJOt27ryEV+g=
github.com/aws/aws-sdk-go-v2/service/configservice v1.51.1 h1:zA4KArT5FZ4ypJc8X+7MJNN3iv74K8ygmFhci64M4YI=
github.com/aws/aws-sdk-go-v2/service/configservice v1.51.1/go.mod h1:2fOznUkaoZ2EtJimN0zizQRxQmkndSJz/SSd2x0goKo=
github.com/aws/aws-sdk-go-v2/service/datasync v1.43.5 h1:4tdw3XO+pUwsjE6j2a4kWxZt80NtRxhOl9OnDtPS1fY=
github.com/aws/aws-sdk-go-v2/service/datasync v1.43.5/go.mod h1:ty1/xBfWRiv/C+e/cbTLkM4UGMfkOavUgp3daLZ2QKc=
github.com/aws/aws-sdk-go-v2/service/dynamodb v1.38.0 h1:isKhHsjpQR3CypQJ4G1g8QWx7zNpiC/xKw1zjgJYVno=
github.com/aws/aws-sdk-go-v2/service/dynamodb v1.38.0/go.mod h1:xDvUyIkwBwNtVZJdHEwAuhFly3mezwdEWkbJ5oNYwIw=
github.com/aws/aws-sdk-go-v2/service/ec2 v1.198.0 h1:ivPJXmGlzAjgy0jLO9naExUWE8IM8lLRcRKLPBEx6Q0=
github.com/aws/aws-sdk-go-v2/service/ec2 v1.198.0/go.mod h1:00zqVNJFK6UASrTnuvjJHJuaqUdkVz5tW8Ip+VhzuNg=
github.com/aws/aws-sdk-go-v2/service/ecr v1.36.7 h1:R+5XKIJga2K9Dkj0/iQ6fD/MBGo02oxGGFTc512lK/Q=
github.com/aws/aws-sdk-go-v2/service/ecr v1.36.7/go.mod h1:fDPQV/6ONOQOjvtKhtypIy1wcGLcKYtoK/lvZ9fyDGQ=
github.com/aws/aws-sdk-go-v2/service/ecs v1.52.2 h1:LRM6z+wmXqAgCvuH36RR+Wf8SZZhvOVjt6f5r38V2II=
github.com/aws/aws-sdk-go-v2/service/ecs v1.52.2/go.mod h1:Ghi1OWUv4+VMEULWiHsKH2gNA3KAcMoLWsvU0eRXvIA=
github.com/aws/aws-sdk-go-v2/service/efs v1.34.1 h1:y2BaF/VBEQM5Gi27ZOX1jSKRQLNifOfvegkqKKDPNEM=
github.com/aws/aws-sdk-go-v2/service/efs v1.34.1/go.mod h1:0c/j249PCFk5d/KHJsBIoCVdnZa9Or71J/fqC/n63BA=
github.com/aws/aws-sdk-go-v2/service/eks v1.54.0 h1:78/Za9/4c5boz78pcKvJV4WfzVHcFwebpfAUzS6XYUg=
github.com/aws/aws-sdk-go-v2/service/eks v1.54.0/go.mod h1:ZzOjZXGGUQxOq+T3xmfPLKCZe4OaB5vm1LdGaC8IPn4=
github.com/aws/aws-sdk-go-v2/service/elasticache v1.44.1 h1:Dch9DIcyrHf6OTEhgzz7wIFKrHZAWfcZ1BCAlZtwpYo=
github.com/aws/aws-sdk-go-v2/service/elasticache v1.44.1/go.mod h1:gzplo968xB24VkeHC4wKfDbSERguKL2xKPL1Csd/mH4=
github.com/aws/aws-sdk-go-v2/service/elasticbeanstalk v1.28.7 h1:ieY1UqWTqjb83Rx1KiUO2pxFRdebobkKxHKDXIlIMhM=
github.com/aws/aws-sdk-go-v2/service/elasticbeanstalk v1.28.7/go.mod h1:U47A7lAuy5QYMD7lnRHA8WJCzV/W0POLZrUfjZ7HLro=
github.com/aws/aws-sdk-go-v2/service/elasticloadbalancing v1.28.6 h1:uQFPQNvc9hIaF7SyHQyg2vRtTcWONaa1LUUy+8LEzT8=
github.com/aws/aws-sdk-go-v2/service/elasticloadbalancing v1.28.6/go.mod h1:KkaWcwL6GJtS/TNn1+fVJPAR+6G7Bs7kEm8E3MlgbhQ=
github.com/aws/aws-sdk-go-v2/service/elasticloadbalancingv2 v1.43.1 h1:L9Wt9zgtoYKIlaeFTy+EztGjL4oaXBBGtVXA+jaeYko=
github.com/aws/aws-sdk-go-v2/service/elasticloadbalancingv2 v1.43.1/go.mod h1:yxzLdxt7bVGvIOPYIKFtiaJCJnx2ChlIIvlhW4QgI6M=
github.com/aws/aws-sdk-go-v2/service/eventbridge v1.36.0 h1:UBCwgevYbPDbPb8LKyCmyBJ0Lk/gCPq4v85rZLe3vr4=
github.com/aws/aws-sdk-go-v2/service/eventbridge v1.36.0/go.mod h1:ve9wzd6ToYjkZrF0nesNJxy14kU77QjrH5Rixrr4NJY=
github.com/aws/aws-sdk-go-v2/service/firehose v1.35.2 h1:A4rkZ/YpyzoU8f8LMe1rPXEvkzX5R/vdAxDwN6IGegs=
github.com/aws/aws-sdk-go-v2/service/firehose v1.35.2/go.mod h1:3Iza1sNaP9L+uKzhE08ilDSz8Dbu2tOL8e5exyj0etE=
github.com/aws/aws-sdk-go-v2/service/grafana v1.26.7 h1:LVJA+YR5tHGo95E8P5W1GFnqrQIiOOagnYCGLExvVr0=
github.com/aws/aws-sdk-go-v2/service/grafana v1.26.7/go.mod h1:oEez2RtKrs3oJ6EgbLV0aBC5YJ/bPcMbkGNtsrW1L3Q=
github.com/aws/aws-sdk-go-v2/service/guardduty v1.52.1 h1:d1SZI0dUdWVzX5anxfCMBmTcJlxoqkX2DSvHhuzsqeo=
github.com/aws/aws-sdk-go-v2/service/guardduty v1.52.1/go.mod h1:JMxJFzRnFpi77J2uktvtZh4lcGMJMC9HLE9Tqvf7atA=
github.com/aws/aws-sdk-go-v2/service/iam v1.38.2 h1:8iFKuRj/FJipy/aDZ2lbq0DYuEHdrxp0qVsdi+ZEwnE=
github.com/aws/aws-sdk-go-v2/service/iam v1.38.2/go.mod h1:UBe4z0VZnbXGp6xaCW1ulE9pndjfpsnrU206rWZcR0Y=
github.com/aws/aws-sdk-go-v2/service/internal/accept-encoding v1.12.1 h1:iXtILhvDxB6kPvEXgsDhGaZCSC6LQET5ZHSdJozeI0Y=
github.com/aws/aws-sdk-go-v2/service/internal/accept-encoding v1.12.1/go.mod h1:9nu0fVANtYiAePIBh2/pFUSwtJ402hLnp854CNoDOeE=
github.com/aws/aws-sdk-go-v2/service/internal/checksum v1.4.6 h1:HCpPsWqmYQieU7SS6E9HXfdAMSud0pteVXieJmcpIRI=
github.com/aws/aws-sdk-go-v2/service/internal/checksum v1.4.6/go.mod h1:ngUiVRCco++u+soRRVBIvBZxSMMvOVMXA4PJ36JLfSw=
github.com/aws/aws-sdk-go-v2/service/internal/endpoint-discovery v1.10.6 h1:nbmKXZzXPJn41CcD4HsHsGWqvKjLKz9kWu6XxvLmf1s=
github.com/aws/aws-sdk-go-v2/service/internal/endpoint-discovery v1.10.6/go.mod h1:SJhcisfKfAawsdNQoZMBEjg+vyN2lH6rO6fP+T94z5Y=
github.com/aws/aws-sdk-go-v2/service/internal/presigned-url v1.12.6 h1:50+XsN70RS7dwJ2CkVNXzj7U2L1HKP8nqTd3XWEXBN4=
github.com/aws/aws-sdk-go-v2/service/internal/presigned-url v1.12.6/go.mod h1:WqgLmwY7so32kG01zD8CPTJWVWM+TzJoOVHwTg4aPug=
github.com/aws/aws-sdk-go-v2/service/internal/s3shared v1.18.6 h1:BbGDtTi0T1DYlmjBiCr/le3wzhA37O8QTC5/Ab8+EXk=
github.com/aws/aws-sdk-go-v2/service/internal/s3shared v1.18.6/go.mod h1:hLMJt7Q8ePgViKupeymbqI0la+t9/iYFBjxQCFwuAwI=
github.com/aws/aws-sdk-go-v2/service/kafka v1.38.7 h1:RjCwdphB+wBtT/qQw6e7c6HOZ7ab4WN22Uw8GSmKNb8=
github.com/aws/aws-sdk-go-v2/service/kafka v1.38.7/go.mod h1:6ezJjIOpnDf+Q/BJ2CIITrcdXSvfUS1zwjnEHHPa8oU=
github.com/aws/aws-sdk-go-v2/service/kinesis v1.32.7 h1:QTtbqxI+i2gaWjcTwJZtm8/xEl9kiQXXbOatGabNuXA=
github.com/aws/aws-sdk-go-v2/service/kinesis v1.32.7/go.mod h1:5aKZaOb2yfdeAOvfam0/6HoUXg01pN172bn7MqpM35c=
github.com/aws/aws-sdk-go-v2/service/kms v1.37.7 h1:dZmNIRtPUvtvUIIDVNpvtnJQ8N8Iqm7SQAxf18htZYw=
github.com/aws/aws-sdk-go-v2/service/kms v1.37.7/go.mod h1:vj8PlfJH9mnGeIzd6uMLPi5VgiqzGG7AZoe1kf1uTXM=
github.com/aws/aws-sdk-go-v2/service/lambda v1.69.1 h1:q1NrvoJiz0rm9ayKOJ9wsMGmStK6rZSY36BDICMrcuY=
github.com/aws/aws-sdk-go-v2/service/lambda v1.69.1/go.mod h1:hDj7He9kbR9T5zugnS+T21l4z6do4SEGuno/BpJLpA0=
github.com/aws/aws-sdk-go-v2/service/macie2 v1.43.7 h1:mlaPITmZnYi8bm20Ql8tTPrSdLZc6LwdH9RYDuAgf3o=
github.com/aws/aws-sdk-go-v2/service/macie2 v1.43.7/go.mod h1:wya8VTBSC9uglnFujLKT/21M03qc+tnTUHV3fgW6aFM=
github.com/aws/aws-sdk-go-v2/service/networkfirewall v1.44.5 h1:Vn3W94E0lKKVu8vgSZmnVoP70cfsIRrguopbSC0L4DE=
github.com/aws/aws-sdk-go-v2/service/networkfirewall v1.44.5/go.mod h1:b3UwYXVSlxwwRl8frZR9eXRc3rqisD4YyHv+rZ1Xmyc=
github.com/aws/aws-sdk-go-v2/service/opensearch v1.45.0 h1:rjJ9MjX7jObSSxrBK1IU7bkHD6iudbhKTZie4eSHoBo=
github.com/aws/aws-sdk-go-v2/service/opensearch v1.45.0/go.mod h1:f2qp9ZzFIyhStNsVqT09BQbw5K13qEYYMTB9WNNWtDs=
github.com/aws/aws-sdk-go-v2/service/rds v1.93.0 h1:jIqOqvzMvmcHgwjPwHvxPCiLV1P2+hPoBwEH8wkfbZ4=
github.com/aws/aws-sdk-go-v2/service/rds v1.93.0/go.mod h1:ADD2uROOoEIXjbjDPEvDDZWnGmfKFYMddgKwG5RlBGw=
github.com/aws/aws-sdk-go-v2/service/redshift v1.53.0 h1:4/hmROBioc89sKlMVjHgOaH92zAkrAAMZR3BIvYwyD0=
github.com/aws/aws-sdk-go-v2/service/redshift v1.53.0/go.mod h1:UydVhUJOB/DaCJWiaBkPlvuzvWVcUlgbS2Bxn33bcKI=
github.com/aws/aws-sdk-go-v2/service/route53 v1.46.3 h1:pDBrvz7CMK381q5U+nPqtSQZZid5z1XH8lsI6kHNcSY=
github.com/aws/aws-sdk-go-v2/service/route53 v1.46.3/go.mod h1:rDMeB13C/RS0/zw68RQD4LLiWChf5tZBKjEQmjtHa/c=
github.com/aws/aws-sdk-go-v2/service/s3 v1.71.0 h1:nyuzXooUNJexRT0Oy0UQY6AhOzxPxhtt4DcBIHyCnmw=
github.com/aws/aws-sdk-go-v2/service/s3 v1.71.0/go.mod h1:sT/iQz8JK3u/5gZkT+Hmr7GzVZehUMkRZpOaAwYXeGY=
github.com/aws/aws-sdk-go-v2/service/s3control v1.52.0 h1:tH6HJdKj1O5N8Uti8D2X20JYoDe9ZdC827iY92U+Ooo=
github.com/aws/aws-sdk-go-v2/service/s3control v1.52.0/go.mod h1:sAOVMYapLSs3nCfdQo63qfVkKHlu97oqHDPrRbqayNg=
github.com/aws/aws-sdk-go-v2/service/sagemaker v1.169.0 h1:keGexhxWOl6TmtE3QI+ofpgFIgdMLc3lfkwgjuSXe1o=
github.com/aws/aws-sdk-go-v2/service/sagemaker v1.169.0/go.mod h1:LoIh7abCP1rQng1kxJVJOTux55TaYN2tVN7G+zNbhus=
github.com/aws/aws-sdk-go-v2/service/scheduler v1.12.8 h1:/3jd7Xm88RYeYpfInSUMCLF+zVgfYK8N5xWPlj05vS4=
github.com/aws/aws-sdk-go-v2/service/scheduler v1.12.8/go.mod h1:hCwaxwoPRJmODF1jv6HvbUyT9q7Ak43LesgkvNvZ0PI=
github.com/aws/aws-sdk-go-v2/service/secretsmanager v1.34.7 h1:Nyfbgei75bohfmZNxgN27i528dGYVzqWJGlAO6lzXy8=
github.com/aws/aws-sdk-go-v2/service/secretsmanager v1.34.7/go.mod h1:FG4p/DciRxPgjA+BEOlwRHN0iA8hX2h9g5buSy3cTDA=
github.com/aws/aws-sdk-go-v2/service/securityhub v1.55.0 h1:nMhvHZ3rqAVJEf6nQzhPFJxd1Ta2V5irglgO6LxefZQ=
github.com/aws/aws-sdk-go-v2/service/securityhub v1.55.0/go.mod h1:vcK9C11qfED/CA+tpAVXNzUNdHMIi6YkG2SY4rJeWzQ=
github.com/aws/aws-sdk-go-v2/service/ses v1.29.1 h1:2e4bmSER1FF330Xu8p0nwnV4Ctdb0VzLQPUV15xs3iY=
github.com/aws/aws-sdk-go-v2/service/ses v1.29.1/go.mod h1:axmD03yvc8MIBcQkETvptcdw+wySwdc8MpYzQixku2w=
github.com/aws/aws-sdk-go-v2/service/sns v1.33.7 h1:N3o8mXK6/MP24BtD9sb51omEO9J9cgPM3Ughc293dZc=
github.com/aws/aws-sdk-go-v2/service/sns v1.33.7/go.mod h1:AAHZydTB8/V2zn3WNwjLXBK1RAcSEpDNmFfrmjvrJQg=
github.com/aws/aws-sdk-go-v2/service/sqs v1.37.2 h1:mFLfxLZB/TVQwNJAYox4WaxpIu+dFVIcExrmRmRCOhw=
github.com/aws/aws-sdk-go-v2/service/sqs v1.37.2/go.mod h1:GnvfTdlvcpD+or3oslHPOn4Mu6KaCwlCp+0p0oqWnrM=
github.com/aws/aws-sdk-go-v2/service/sso v1.24.7 h1:rLnYAfXQ3YAccocshIH5mzNNwZBkBo+bP6EhIxak6Hw=
github.com/aws/aws-sdk-go-v2/service/sso v1.24.7/go.mod h1:ZHtuQJ6t9A/+YDuxOLnbryAmITtr8UysSny3qcyvJTc=
github.com/aws/aws-sdk-go-v2/service/ssooidc v1.28.6 h1:JnhTZR3PiYDNKlXy50/pNeix9aGMo6lLpXwJ1mw8MD4=
github.com/aws/aws-sdk-go-v2/service/ssooidc v1.28.6/go.mod h1:URronUEGfXZN1VpdktPSD1EkAL9mfrV+2F4sjH38qOY=
github.com/aws/aws-sdk-go-v2/service/sts v1.33.2 h1:s4074ZO1Hk8qv65GqNXqDjmkf4HSQqJukaLuuW0TpDA=
github.com/aws/aws-sdk-go-v2/service/sts v1.33.2/go.mod h1:mVggCnIWoM09jP71Wh+ea7+5gAp53q+49wDFs1SW5z8=
github.com/aws/aws-sdk-go-v2/service/vpclattice v1.13.1 h1:i2NuSEXw9cKW4zCT57AsL6v4VnX86dsxz4d9GQc4FwU=
github.com/aws/aws-sdk-go-v2/service/vpclattice v1.13.1/go.mod h1:LLTXSn+ChGS/Ejt+akSlR0QBJ2VJVibiKQfp/IovK7Q=
github.com/aws/smithy-go v1.22.1 h1:/HPHZQ0g7f4eUeK6HKglFz8uwVfZKgoI25rb/J+dnro=
github.com/aws/smithy-go v1.22.1/go.mod h1:irrKGvNn1InZwb2d7fkIRNucdfwR8R+Ts3wxYa/cJHg=
github.com/bgentry/speakeasy v0.1.0/go.mod h1:+zsyZBPWlz7T6j88CTgSN5bM796AkVf0kBD4zp0CCIs=
github.com/charmbracelet/lipgloss v0.6.0 h1:1StyZB9vBSOyuZxQUcUwGr17JmojPNm87inij9N3wJY=
github.com/charmbracelet/lipgloss v0.6.0/go.mod h1:tHh2wr34xcHjC2HCXIlGSG1jaDF0S0atAUvBMP6Ppuk=
github.com/containerd/console v1.0.3 h1:lIr7SlA5PxZyMV30bDW0MGbiOPXwc63yRuCP0ARubLw=
github.com/containerd/console v1.0.3/go.mod h1:7LqA/THxQ86k76b8c/EMSiaJ3h1eZkMkXar0TQ1gf3U=
github.com/cpuguy83/go-md2man/v2 v2.0.0-20190314233015-f79a8a8ca69d/go.mod h1:maD7wRr/U5Z6m/iR4s+kqSMx2CaBsrgA7czyZG/E6dU=
github.com/cpuguy83/go-md2man/v2 v2.0.2 h1:p1EgwI/C7NhT0JmVkwCD2ZBK8j4aeHQX2pMHHBfMQ6w=
github.com/cpuguy83/go-md2man/v2 v2.0.2/go.mod h1:tgQtvFlXSQOSOSIRvRPT7W67SCa46tRHOmNcaadrF8o=
github.com/davecgh/go-spew v1.1.0/go.mod h1:J7Y8YcW2NihsgmVo/mv3lAwl/skON4iLHjSsI+c5H38=
github.com/davecgh/go-spew v1.1.1 h1:vj9j/u1bqnvCEfJOwUhtlOARqs3+rkHYY13jYWTU97c=
github.com/davecgh/go-spew v1.1.1/go.mod h1:J7Y8YcW2NihsgmVo/mv3lAwl/skON4iLHjSsI+c5H38=
github.com/fatih/color v1.9.0/go.mod h1:eQcE1qtQxscV5RaZvpXrrb8Drkc3/DdQ+uUYCNjL+zU=
github.com/go-errors/errors v1.0.1/go.mod h1:f4zRHt4oKfwPJE5k8C9vpYG+aDHdBFUsgrm6/TyX73Q=
github.com/go-errors/errors v1.4.2 h1:J6MZopCL4uSllY1OfXM374weqZFFItUbrImctkmUxIA=
github.com/go-errors/errors v1.4.2/go.mod h1:sIVyrIiJhuEF+Pj9Ebtd6P/rEYROXFi3BopGUQ5a5Og=
github.com/google/uuid v1.2.0 h1:qJYtXnJRWmpe7m/3XlyhrsLrEURqHRM2kxzoxXqyUDs=
github.com/google/uuid v1.2.0/go.mod h1:TIyPZe4MgqvfeYDBFedMoGGpEw/LqOeaOT+nhxU+yHo=
github.com/gookit/color v1.4.2/go.mod h1:fqRyamkC1W8uxl+lxCQxOT09l/vYfZ+QeiX3rKQHCoQ=
github.com/gookit/color v1.5.0 h1:1Opow3+BWDwqor78DcJkJCIwnkviFi+rrOANki9BUFw=
github.com/gookit/color v1.5.0/go.mod h1:43aQb+Zerm/BWh2GnrgOQm7ffz7tvQXEKV6BFMl7wAo=
github.com/gruntwork-io/go-commons v0.17.0 h1:ZwCO7P+NAdH1/NcLmf0kK/SZ/egqWIgHujlbmSzFDX4=
github.com/gruntwork-io/go-commons v0.17.0/go.mod h1:S98JcR7irPD1bcruSvnqupg+WSJEJ6xaM89fpUZVISk=
github.com/gruntwork-io/gruntwork-cli v0.7.0 h1:YgSAmfCj9c61H+zuvHwKfYUwlMhu5arnQQLM4RH+CYs=
github.com/gruntwork-io/gruntwork-cli v0.7.0/go.mod h1:jp6Z7NcLF2avpY8v71fBx6hds9eOFPELSuD/VPv7w00=
github.com/hashicorp/errwrap v1.0.0 h1:hLrqtEDnRye3+sgx6z4qVLNuviH3MR5aQ0ykNJa/UYA=
github.com/hashicorp/errwrap v1.0.0/go.mod h1:YH+1FKiLXxHSkmPseP+kNlulaMuP3n2brvKWEqk/Jc4=
github.com/hashicorp/go-multierror v1.1.1 h1:H5DkEtf6CXdFp0N0Em5UCwQpXMWke8IA0+lD48awMYo=
github.com/hashicorp/go-multierror v1.1.1/go.mod h1:iw975J/qwKPdAO1clOe2L8331t/9/fmwbPZ6JB6eMoM=
github.com/jmespath/go-jmespath v0.4.0 h1:BEgLn5cpjn8UN1mAw4NjwDrS35OdebyEtFe+9YPoQUg=
github.com/jmespath/go-jmespath v0.4.0/go.mod h1:T8mJZnbsbmF+m6zOOFylbeCJqk5+pHWvzYPziyZiYoo=
github.com/jmespath/go-jmespath/internal/testify v1.5.1 h1:shLQSRRSCCPj3f2gpwzGwWFoC7ycTf1rcQZHOlsJ6N8=
github.com/jmespath/go-jmespath/internal/testify v1.5.1/go.mod h1:L3OGu8Wl2/fWfCI6z80xFu9LTZmf1ZRjMHUOPmWr69U=
github.com/klauspost/cpuid/v2 v2.0.9/go.mod h1:FInQzS24/EEf25PyTYn52gqo7WaD8xa0213Md/qVLRg=
github.com/klauspost/cpuid/v2 v2.0.10/go.mod h1:g2LTdtYhdyuGPqyWyv7qRAmj1WBqxuObKfj5c0PQa7c=
github.com/klauspost/cpuid/v2 v2.0.12 h1:p9dKCg8i4gmOxtv35DvrYoWqYzQrvEVdjQ762Y0OqZE=
github.com/klauspost/cpuid/v2 v2.0.12/go.mod h1:g2LTdtYhdyuGPqyWyv7qRAmj1WBqxuObKfj5c0PQa7c=
github.com/konsorten/go-windows-terminal-sequences v1.0.1/go.mod h1:T0+1ngSBFLxvqU3pZ+m/2kptfBszLMUkC4ZK/EgS/cQ=
github.com/kr/pretty v0.1.0 h1:L/CwN0zerZDmRFUapSPitk6f+Q3+0za1rQkzVuMiMFI=
github.com/kr/pretty v0.1.0/go.mod h1:dAy3ld7l9f0ibDNOQOHHMYYIIbhfbHSm3C4ZsoJORNo=
github.com/kr/pty v1.1.1/go.mod h1:pFQYn66WHrOpPYNljwOMqo10TkYh1fy3cYio2l3bCsQ=
github.com/kr/text v0.1.0 h1:45sCR5RtlFHMR4UwH9sdQ5TC8v0qDQCHnXt+kaKSTVE=
github.com/kr/text v0.1.0/go.mod h1:4Jbv+DJW3UT/LiOwJeYQe1efqtUx/iVham/4vfdArNI=
github.com/lithammer/fuzzysearch v1.1.5 h1:Ag7aKU08wp0R9QCfF4GoGST9HbmAIeLP7xwMrOBEp1c=
github.com/lithammer/fuzzysearch v1.1.5/go.mod h1:1R1LRNk7yKid1BaQkmuLQaHruxcC4HmAH30Dh61Ih1Q=
github.com/lucasb-eyer/go-colorful v1.2.0 h1:1nnpGOrhyZZuNyfu1QjKiUICQ74+3FNCN69Aj6K7nkY=
github.com/lucasb-eyer/go-colorful v1.2.0/go.mod h1:R4dSotOR9KMtayYi1e77YzuveK+i7ruzyGqttikkLy0=
github.com/mattn/go-colorable v0.1.4/go.mod h1:U0ppj6V5qS13XJ6of8GYAs25YV2eR4EVcfRqFIhoBtE=
github.com/mattn/go-isatty v0.0.8/go.mod h1:Iq45c/XA43vh69/j3iqttzPXn0bhXyGjM0Hdxcsrc5s=
github.com/mattn/go-isatty v0.0.11/go.mod h1:PhnuNfih5lzO57/f3n+odYbM4JtupLOxQOAqxQCu2WE=
github.com/mattn/go-isatty v0.0.14 h1:yVuAays6BHfxijgZPzw+3Zlu5yQgKGP2/hcQbHb7S9Y=
github.com/mattn/go-isatty v0.0.14/go.mod h1:7GGIvUiUoEMVVmxf/4nioHXj79iQHKdU27kJ6hsGG94=
github.com/mattn/go-runewidth v0.0.10/go.mod h1:RAqKPSqVFrSLVXbA8x7dzmKdmGzieGRCM46jaSJTDAk=
github.com/mattn/go-runewidth v0.0.12/go.mod h1:RAqKPSqVFrSLVXbA8x7dzmKdmGzieGRCM46jaSJTDAk=
github.com/mattn/go-runewidth v0.0.13 h1:lTGmDsbAYt5DmK6OnoV7EuIF1wEIFAcxld6ypU4OSgU=
github.com/mattn/go-runewidth v0.0.13/go.mod h1:Jdepj2loyihRzMpdS35Xk/zdY8IAYHsh153qUoGf23w=
github.com/mattn/go-zglob v0.0.1/go.mod h1:9fxibJccNxU2cnpIKLRRFA7zX7qhkJIQWBb449FYHOo=
github.com/muesli/reflow v0.2.1-0.20210115123740-9e1d0d53df68/go.mod h1:Xk+z4oIWdQqJzsxyjgl3P22oYZnHdZ8FFTHAQQt5BMQ=
github.com/muesli/reflow v0.3.0 h1:IFsN6K9NfGtjeggFP+68I4chLZV2yIKsXJFNZ+eWh6s=
github.com/muesli/reflow v0.3.0/go.mod h1:pbwTDkVPibjO2kyvBQRBxTWEEGDGq0FlB1BIKtnHY/8=
github.com/muesli/termenv v0.11.1-0.20220204035834-5ac8409525e0 h1:STjmj0uFfRryL9fzRA/OupNppeAID6QJYPMavTL7jtY=
github.com/muesli/termenv v0.11.1-0.20220204035834-5ac8409525e0/go.mod h1:Bd5NYQ7pd+SrtBSrSNoBBmXlcY8+Xj4BMJgh8qcZrvs=
github.com/pmezard/go-difflib v1.0.0 h1:4DBwDE0NGyQoBHbLQYPwSUPoCMWR5BEzIk/f1lZbAQM=
github.com/pmezard/go-difflib v1.0.0/go.mod h1:iKH77koFhYxTK1pcRnkKkqfTogsbg7gZNVY4sRDYZ/4=
github.com/pterm/pterm v0.12.27/go.mod h1:PhQ89w4i95rhgE+xedAoqous6K9X+r6aSOI2eFF7DZI=
github.com/pterm/pterm v0.12.29/go.mod h1:WI3qxgvoQFFGKGjGnJR849gU0TsEOvKn5Q8LlY1U7lg=
github.com/pterm/pterm v0.12.30/go.mod h1:MOqLIyMOgmTDz9yorcYbcw+HsgoZo3BQfg2wtl3HEFE=
github.com/pterm/pterm v0.12.31/go.mod h1:32ZAWZVXD7ZfG0s8qqHXePte42kdz8ECtRyEejaWgXU=
github.com/pterm/pterm v0.12.33/go.mod h1:x+h2uL+n7CP/rel9+bImHD5lF3nM9vJj80k9ybiiTTE=
github.com/pterm/pterm v0.12.36/go.mod h1:NjiL09hFhT/vWjQHSj1athJpx6H8cjpHXNAK5bUw8T8=
github.com/pterm/pterm v0.12.40/go.mod h1:ffwPLwlbXxP+rxT0GsgDTzS3y3rmpAO1NMjUkGTYf8s=
github.com/pterm/pterm v0.12.45 h1:5HATKLTDjl9D74b0x7yiHzFI7OADlSXK3yHrJNhRwZE=
github.com/pterm/pterm v0.12.45/go.mod h1:hJgLlBafm45w/Hr0dKXxY//POD7CgowhePaG1sdPNBg=
github.com/rivo/uniseg v0.1.0/go.mod h1:J6wj4VEh+S6ZtnVlnTBMWIodfgj8LQOQFoIToxlJtxc=
github.com/rivo/uniseg v0.2.0 h1:S1pD9weZBuJdFmowNwbpi7BJ8TNftyUImj/0WQi72jY=
github.com/rivo/uniseg v0.2.0/go.mod h1:J6wj4VEh+S6ZtnVlnTBMWIodfgj8LQOQFoIToxlJtxc=
github.com/russross/blackfriday/v2 v2.0.1/go.mod h1:+Rmxgy9KzJVeS9/2gXHxylqXiyQDYRxCVz55jmeOWTM=
github.com/russross/blackfriday/v2 v2.1.0 h1:JIOH55/0cWyOuilr9/qlrm0BSXldqnqwMsf35Ld67mk=
github.com/russross/blackfriday/v2 v2.1.0/go.mod h1:+Rmxgy9KzJVeS9/2gXHxylqXiyQDYRxCVz55jmeOWTM=
github.com/sergi/go-diff v1.2.0 h1:XU+rvMAioB0UC3q1MFrIQy4Vo5/4VsRDQQXHsEya6xQ=
github.com/sergi/go-diff v1.2.0/go.mod h1:STckp+ISIX8hZLjrqAeVduY0gWCT9IjLuqbuNXdaHfM=
github.com/shurcooL/sanitized_anchor_name v1.0.0/go.mod h1:1NzhyTcUVG4SuEtjjoZeVRXNmyL/1OwPU0+IJeTBvfc=
github.com/sirupsen/logrus v1.4.2/go.mod h1:tLMulIdttU9McNUspp0xgXVQah82FyeX6MwdIuYE2rE=
github.com/sirupsen/logrus v1.8.1 h1:dJKuHgqk1NNQlqoA6BTlM1Wf9DOH3NBjQyu0h9+AZZE=
github.com/sirupsen/logrus v1.8.1/go.mod h1:yWOB1SBYBC5VeMP7gHvWumXLIWorT60ONWic61uBYv0=
github.com/stretchr/objx v0.1.0/go.mod h1:HFkY916IF+rwdDfMAkV7OtwuqBVzrE8GR6GFx+wExME=
github.com/stretchr/objx v0.1.1/go.mod h1:HFkY916IF+rwdDfMAkV7OtwuqBVzrE8GR6GFx+wExME=
github.com/stretchr/objx v0.4.0/go.mod h1:YvHI0jy2hoMjB+UWwv71VJQ9isScKT/TqJzVSSt89Yw=
github.com/stretchr/objx v0.5.0/go.mod h1:Yh+to48EsGEfYuaHDzXPcE3xhTkx73EhmCGUpEOglKo=
github.com/stretchr/testify v1.2.2/go.mod h1:a8OnRcib4nhh0OaRAV+Yts87kKdq0PP7pXfy6kDkUVs=
github.com/stretchr/testify v1.4.0/go.mod h1:j7eGeouHqKxXV5pUuKE4zz7dFj8WfuZ+81PSLYec5m4=
github.com/stretchr/testify v1.6.1/go.mod h1:6Fq8oRcR53rry900zMqJjRRixrwX3KX962/h/Wwjteg=
github.com/stretchr/testify v1.7.0/go.mod h1:6Fq8oRcR53rry900zMqJjRRixrwX3KX962/h/Wwjteg=
github.com/stretchr/testify v1.7.1/go.mod h1:6Fq8oRcR53rry900zMqJjRRixrwX3KX962/h/Wwjteg=
github.com/stretchr/testify v1.8.0/go.mod h1:yNjHg4UonilssWZ8iaSj1OCr/vHnekPRkoO+kdMU+MU=
github.com/stretchr/testify v1.8.1 h1:w7B6lhMri9wdJUVmEZPGGhZzrYTPvgJArz7wNPgYKsk=
github.com/stretchr/testify v1.8.1/go.mod h1:w2LPCIKwWwSfY2zedu0+kehJoqGctiVI29o6fzry7u4=
github.com/urfave/cli v1.22.2/go.mod h1:Gos4lmkARVdJ6EkW0WaNv/tZAAMe9V7XWyB60NtXRu0=
github.com/urfave/cli v1.22.12 h1:igJgVw1JdKH+trcLWLeLwZjU9fEfPesQ+9/e4MQ44S8=
github.com/urfave/cli v1.22.12/go.mod h1:sSBEIC79qR6OvcmsD4U3KABeOTxDqQtdDnaFuUN30b8=
github.com/urfave/cli/v2 v2.10.3 h1:oi571Fxz5aHugfBAJd5nkwSk3fzATXtMlpxdLylSCMo=
github.com/urfave/cli/v2 v2.10.3/go.mod h1:f8iq5LtQ/bLxafbdBSLPPNsgaW0l/2fYYEHhAyPlwvo=
github.com/xo/terminfo v0.0.0-20210125001918-ca9a967f8778 h1:QldyIu/L63oPpyvQmHgvgickp1Yw510KJOqX7H24mg8=
github.com/xo/terminfo v0.0.0-20210125001918-ca9a967f8778/go.mod h1:2MuV+tbUrU1zIOPMxZ5EncGwgmMJsa+9ucAQZXxsObs=
github.com/xrash/smetrics v0.0.0-20201216005158-039620a65673 h1:bAn7/zixMGCfxrRTfdpNzjtPYqr8smhKouy9mxVdGPU=
github.com/xrash/smetrics v0.0.0-20201216005158-039620a65673/go.mod h1:N3UwUGtsrSj3ccvlPHLoLsHnpR27oXr4ZE984MbSER8=
golang.org/x/exp v0.0.0-20221106115401-f9659909a136 h1:Fq7F/w7MAa1KJ5bt2aJ62ihqp9HDcRuyILskkpIAurw=
golang.org/x/exp v0.0.0-20221106115401-f9659909a136/go.mod h1:CxIveKay+FTh1D0yPZemJVgC/95VzuuOLq5Qi4xnoYc=
golang.org/x/sys v0.0.0-20190222072716-a9d3bda3a223/go.mod h1:STP8DvDyc/dI5b8T5hshtkjS+E42TnysNCUPdjciGhY=
golang.org/x/sys v0.0.0-20190422165155-953cdadca894/go.mod h1:h1NjWce9XRLGQEsW7wpKNCjG9DtNlClVuFLEZdDNbEs=
golang.org/x/sys v0.0.0-20191026070338-33540a1f6037/go.mod h1:h1NjWce9XRLGQEsW7wpKNCjG9DtNlClVuFLEZdDNbEs=
golang.org/x/sys v0.0.0-20201119102817-f84b799fce68/go.mod h1:h1NjWce9XRLGQEsW7wpKNCjG9DtNlClVuFLEZdDNbEs=
golang.org/x/sys v0.0.0-20210124154548-22da62e12c0c/go.mod h1:h1NjWce9XRLGQEsW7wpKNCjG9DtNlClVuFLEZdDNbEs=
golang.org/x/sys v0.0.0-20210330210617-4fbd30eecc44/go.mod h1:h1NjWce9XRLGQEsW7wpKNCjG9DtNlClVuFLEZdDNbEs=
golang.org/x/sys v0.0.0-20210615035016-665e8c7367d1/go.mod h1:oPkhp1MJrh7nUepCBck5+mAzfO9JrbApNNgaTdGDITg=
golang.org/x/sys v0.0.0-20210630005230-0f9fa26af87c/go.mod h1:oPkhp1MJrh7nUepCBck5+mAzfO9JrbApNNgaTdGDITg=
golang.org/x/sys v0.0.0-20211013075003-97ac67df715c/go.mod h1:oPkhp1MJrh7nUepCBck5+mAzfO9JrbApNNgaTdGDITg=
golang.org/x/sys v0.0.0-20220319134239-a9b59b0215f8/go.mod h1:oPkhp1MJrh7nUepCBck5+mAzfO9JrbApNNgaTdGDITg=
golang.org/x/sys v0.13.0 h1:Af8nKPmuFypiUBjVoU9V20FiaFXOcuZI21p0ycVYYGE=
golang.org/x/sys v0.13.0/go.mod h1:oPkhp1MJrh7nUepCBck5+mAzfO9JrbApNNgaTdGDITg=
golang.org/x/term v0.0.0-20210220032956-6a3ed077a48d/go.mod h1:bj7SfCRtBDWHUb9snDiAeCFNEtKQo2Wmx5Cou7ajbmo=
golang.org/x/term v0.0.0-20210615171337-6886f2dfbf5b/go.mod h1:jbD1KX2456YbFQfuXm/mYQcufACuNUgVhRMnK/tPxf8=
golang.org/x/term v0.0.0-20210927222741-03fcf44c2211/go.mod h1:jbD1KX2456YbFQfuXm/mYQcufACuNUgVhRMnK/tPxf8=
golang.org/x/term v0.13.0 h1:bb+I9cTfFazGW51MZqBVmZy7+JEJMouUHTUSKVQLBek=
golang.org/x/term v0.13.0/go.mod h1:LTmsnFJwVN6bCy1rVCoS+qHT1HhALEFxKncY3WNNh4U=
golang.org/x/text v0.3.7/go.mod h1:u+2+/6zg+i71rQMx5EYifcz6MCKuco9NR6JIITiCfzQ=
golang.org/x/text v0.13.0 h1:ablQoSUd0tRdKxZewP80B+BaqeKJuVhuRxj/dkrun3k=
golang.org/x/text v0.13.0/go.mod h1:TvPlkZtksWOMsz7fbANvkp4WM8x/WCo/om8BMLbz+aE=
golang.org/x/tools v0.0.0-20180917221912-90fa682c2a6e/go.mod h1:n7NCudcB/nEzxVGmLbDWY5pfWTLqBcC2KZ6jyYvM4mQ=
gopkg.in/check.v1 v0.0.0-20161208181325-20d25e280405/go.mod h1:Co6ibVJAznAaIkqp8huTwlJQCZ016jof/cbN4VW5Yz0=
gopkg.in/check.v1 v1.0.0-20190902080502-41f04d3bba15 h1:YR8cESwS4TdDjEe65xsg0ogRM/Nc3DYOhEAlW+xobZo=
gopkg.in/check.v1 v1.0.0-20190902080502-41f04d3bba15/go.mod h1:Co6ibVJAznAaIkqp8huTwlJQCZ016jof/cbN4VW5Yz0=
gopkg.in/yaml.v2 v2.2.2/go.mod h1:hI93XBmqTisBFMUTm0b8Fm+jr3Dg1NNxqwp+5A1VGuI=
gopkg.in/yaml.v2 v2.2.4/go.mod h1:hI93XBmqTisBFMUTm0b8Fm+jr3Dg1NNxqwp+5A1VGuI=
gopkg.in/yaml.v2 v2.2.8/go.mod h1:hI93XBmqTisBFMUTm0b8Fm+jr3Dg1NNxqwp+5A1VGuI=
gopkg.in/yaml.v2 v2.4.0 h1:D8xgwECY7CYvx+Y2n4sBz93Jn9JRvxdiyyo8CTfuKaY=
gopkg.in/yaml.v2 v2.4.0/go.mod h1:RDklbk79AGWmwhnvt/jBztapEOGDOx6ZbXqjP6csGnQ=
gopkg.in/yaml.v3 v3.0.0-20200313102051-9f266ea9e77c/go.mod h1:K4uyk7z7BCEPqu6E+C64Yfv1cQ7kz7rIZviUmN+EgEM=
gopkg.in/yaml.v3 v3.0.0-20210107192922-496545a6307b/go.mod h1:K4uyk7z7BCEPqu6E+C64Yfv1cQ7kz7rIZviUmN+EgEM=
gopkg.in/yaml.v3 v3.0.1 h1:fxVm/GzAzEWqLHuvctI91KS9hhNmmWOoWu0XTYJS7CA=
gopkg.in/yaml.v3 v3.0.1/go.mod h1:K4uyk7z7BCEPqu6E+C64Yfv1cQ7kz7rIZviUmN+EgEM=
